// !$*UTF8*$!
{
	archiveVersion = 1;
	classes = {
	};
	objectVersion = 77;
	objects = {

/* Begin PBXBuildFile section */
		AE63C2682F8C45EB00E1DB8E /* FirebaseAnalyticsCore in Frameworks */ = {isa = PBXBuildFile; productRef = AE63C2672F8C45EB00E1DB8E /* FirebaseAnalyticsCore */; };
		AE63C26A2F8C45EB00E1DB8E /* FirebaseCrashlytics in Frameworks */ = {isa = PBXBuildFile; productRef = AE63C2692F8C45EB00E1DB8E /* FirebaseCrashlytics */; };
		AEA2A9A52FC49C1300BF8A82 /* SnapshotTesting in Frameworks */ = {isa = PBXBuildFile; productRef = AEA2A9A42FC49C1300BF8A82 /* SnapshotTesting */; };
		AECC64632FB9A3A80032633A /* ComposableArchitecture in Frameworks */ = {isa = PBXBuildFile; productRef = AECC64622FB9A3A80032633A /* ComposableArchitecture */; };
/* End PBXBuildFile section */

/* Begin PBXContainerItemProxy section */
		AE78C27D1FFD267600874685 /* PBXContainerItemProxy */ = {
			isa = PBXContainerItemProxy;
			containerPortal = AEF8AC7A1EBA02AA005996D5 /* Project object */;
			proxyType = 1;
			remoteGlobalIDString = AEF8AC811EBA02AA005996D5;
			remoteInfo = Scrabbdict;
		};
/* End PBXContainerItemProxy section */

/* Begin PBXCopyFilesBuildPhase section */
		AE7420BE1EBA07CA000AA67B /* Embed Foundation Extensions */ = {
			isa = PBXCopyFilesBuildPhase;
			buildActionMask = 2147483647;
			dstPath = "";
			dstSubfolderSpec = 13;
			files = (
			);
			name = "Embed Foundation Extensions";
			runOnlyForDeploymentPostprocessing = 0;
		};
/* End PBXCopyFilesBuildPhase section */

/* Begin PBXFileReference section */
		AE62F7212024EA8C00A57DAE /* DAWGBuilder */ = {isa = PBXFileReference; explicitFileType = "compiled.mach-o.executable"; includeInIndex = 0; path = DAWGBuilder; sourceTree = BUILT_PRODUCTS_DIR; };
		AE78C2781FFD267600874685 /* ScrabbdictTests.xctest */ = {isa = PBXFileReference; explicitFileType = wrapper.cfbundle; includeInIndex = 0; path = ScrabbdictTests.xctest; sourceTree = BUILT_PRODUCTS_DIR; };
		AEF8AC821EBA02AA005996D5 /* Scrabbdict.app */ = {isa = PBXFileReference; explicitFileType = wrapper.application; includeInIndex = 0; path = Scrabbdict.app; sourceTree = BUILT_PRODUCTS_DIR; };
/* End PBXFileReference section */

/* Begin PBXFileSystemSynchronizedBuildFileExceptionSet section */
		AE71C3512FCD010B002632DB /* Exceptions for "ScrabbdictTests" folder in "ScrabbdictTests" target */ = {
			isa = PBXFileSystemSynchronizedBuildFileExceptionSet;
			membershipExceptions = (
				Snapshots/__Snapshots__,
			);
			target = AE78C2771FFD267600874685 /* ScrabbdictTests */;
		};
		AECC64CA2FB9CCA30032633A /* Exceptions for "DAWGBuilder" folder in "DAWGBuilder" target */ = {
			isa = PBXFileSystemSynchronizedBuildFileExceptionSet;
			membershipExceptions = (
				DAWGBuilder.swift,
				DAWGFormat.swift,
				"Extensions/Data+Extension.swift",
				"Extensions/Sequence+Extension.swift",
				main.swift,
			);
			target = AE62F7202024EA8C00A57DAE /* DAWGBuilder */;
		};
		AECC64D12FB9D6A10032633A /* Exceptions for "DAWGBuilder" folder in "ScrabbdictTests" target */ = {
			isa = PBXFileSystemSynchronizedBuildFileExceptionSet;
			membershipExceptions = (
				main.swift,
				RAW,
			);
			target = AE78C2771FFD267600874685 /* ScrabbdictTests */;
		};
		AECC64D22FCD10000032633A /* Exceptions for "DAWGBuilder" folder in "Scrabbdict" target */ = {
			isa = PBXFileSystemSynchronizedBuildFileExceptionSet;
			membershipExceptions = (
				DAWGBuilder.swift,
				"Extensions/Data+Extension.swift",
				"Extensions/Sequence+Extension.swift",
				main.swift,
				RAW,
			);
			target = AEF8AC811EBA02AA005996D5 /* Scrabbdict */;
		};
/* End PBXFileSystemSynchronizedBuildFileExceptionSet section */

/* Begin PBXFileSystemSynchronizedRootGroup section */
		AECC64A12FB9CC920032633A /* Scrabbdict */ = {
			isa = PBXFileSystemSynchronizedRootGroup;
			path = Scrabbdict;
			sourceTree = "<group>";
		};
		AECC64C82FB9CCA20032633A /* DAWGBuilder */ = {
			isa = PBXFileSystemSynchronizedRootGroup;
			exceptions = (
				AECC64D22FCD10000032633A /* Exceptions for "DAWGBuilder" folder in "Scrabbdict" target */,
				AECC64CA2FB9CCA30032633A /* Exceptions for "DAWGBuilder" folder in "DAWGBuilder" target */,
				AECC64D12FB9D6A10032633A /* Exceptions for "DAWGBuilder" folder in "ScrabbdictTests" target */,
			);
			explicitFolders = (
				RAW,
			);
			path = DAWGBuilder;
			sourceTree = "<group>";
		};
		AECC64CF2FB9CCA60032633A /* ScrabbdictTests */ = {
			isa = PBXFileSystemSynchronizedRootGroup;
			exceptions = (
				AE71C3512FCD010B002632DB /* Exceptions for "ScrabbdictTests" folder in "ScrabbdictTests" target */,
			);
			explicitFolders = (
				Snapshots/__Snapshots__,
			);
			path = ScrabbdictTests;
			sourceTree = "<group>";
		};
/* End PBXFileSystemSynchronizedRootGroup section */

/* Begin PBXFrameworksBuildPhase section */
		AE78C2751FFD267600874685 /* Frameworks */ = {
			isa = PBXFrameworksBuildPhase;
			buildActionMask = 2147483647;
			files = (
				AEA2A9A52FC49C1300BF8A82 /* SnapshotTesting in Frameworks */,
			);
			runOnlyForDeploymentPostprocessing = 0;
		};
		AEF8AC7F1EBA02AA005996D5 /* Frameworks */ = {
			isa = PBXFrameworksBuildPhase;
			buildActionMask = 2147483647;
			files = (
				AECC64632FB9A3A80032633A /* ComposableArchitecture in Frameworks */,
				AE63C26A2F8C45EB00E1DB8E /* FirebaseCrashlytics in Frameworks */,
				AE63C2682F8C45EB00E1DB8E /* FirebaseAnalyticsCore in Frameworks */,
			);
			runOnlyForDeploymentPostprocessing = 0;
		};
/* End PBXFrameworksBuildPhase section */

/* Begin PBXGroup section */
		AEF8AC791EBA02AA005996D5 = {
			isa = PBXGroup;
			children = (
				AECC64A12FB9CC920032633A /* Scrabbdict */,
				AECC64CF2FB9CCA60032633A /* ScrabbdictTests */,
				AECC64C82FB9CCA20032633A /* DAWGBuilder */,
				AEF8AC831EBA02AA005996D5 /* Products */,
			);
			sourceTree = "<group>";
		};
		AEF8AC831EBA02AA005996D5 /* Products */ = {
			isa = PBXGroup;
			children = (
				AEF8AC821EBA02AA005996D5 /* Scrabbdict.app */,
				AE78C2781FFD267600874685 /* ScrabbdictTests.xctest */,
				AE62F7212024EA8C00A57DAE /* DAWGBuilder */,
			);
			name = Products;
			sourceTree = "<group>";
		};
/* End PBXGroup section */

/* Begin PBXNativeTarget section */
		AE62F7202024EA8C00A57DAE /* DAWGBuilder */ = {
			isa = PBXNativeTarget;
			buildConfigurationList = AE62F72E2024EA8C00A57DAE /* Build configuration list for PBXNativeTarget "DAWGBuilder" */;
			buildPhases = (
				AE71AD812FCCDC77002632DB /* Copy ZIP Files */,
				AE5F00022FC7A00000000002 /* SwiftFormat Lint */,
				AE62F71D2024EA8C00A57DAE /* Sources */,
			);
			buildRules = (
			);
			dependencies = (
			);
			name = DAWGBuilder;
			productName = DAWGBuilder;
			productReference = AE62F7212024EA8C00A57DAE /* DAWGBuilder */;
			productType = "com.apple.product-type.tool";
		};
		AE78C2771FFD267600874685 /* ScrabbdictTests */ = {
			isa = PBXNativeTarget;
			buildConfigurationList = AE78C2811FFD267600874685 /* Build configuration list for PBXNativeTarget "ScrabbdictTests" */;
			buildPhases = (
				AE78C2741FFD267600874685 /* Sources */,
				AE78C2751FFD267600874685 /* Frameworks */,
				AE78C2761FFD267600874685 /* Resources */,
			);
			buildRules = (
			);
			dependencies = (
				AE78C27E1FFD267600874685 /* PBXTargetDependency */,
			);
			fileSystemSynchronizedGroups = (
				AECC64C82FB9CCA20032633A /* DAWGBuilder */,
				AECC64CF2FB9CCA60032633A /* ScrabbdictTests */,
			);
			name = ScrabbdictTests;
			productName = ScrabbdictTests;
			productReference = AE78C2781FFD267600874685 /* ScrabbdictTests.xctest */;
			productType = "com.apple.product-type.bundle.unit-test";
		};
		AEF8AC811EBA02AA005996D5 /* Scrabbdict */ = {
			isa = PBXNativeTarget;
			buildConfigurationList = AEF8AC941EBA02AA005996D5 /* Build configuration list for PBXNativeTarget "Scrabbdict" */;
			buildPhases = (
				AE71AD802FCCDC06002632DB /* Copy DAWG Files */,
				AE5F00012FC7A00000000001 /* SwiftFormat Lint */,
				AEF8AC7E1EBA02AA005996D5 /* Sources */,
				AEF8AC7F1EBA02AA005996D5 /* Frameworks */,
				AEF8AC801EBA02AA005996D5 /* Resources */,
				AE7420BE1EBA07CA000AA67B /* Embed Foundation Extensions */,
			);
			buildRules = (
			);
			dependencies = (
			);
			fileSystemSynchronizedGroups = (
				AECC64A12FB9CC920032633A /* Scrabbdict */,
				AECC64C82FB9CCA20032633A /* DAWGBuilder */,
			);
			name = Scrabbdict;
			productName = Scrabbdict;
			productReference = AEF8AC821EBA02AA005996D5 /* Scrabbdict.app */;
			productType = "com.apple.product-type.application";
		};
/* End PBXNativeTarget section */

/* Begin PBXProject section */
		AEF8AC7A1EBA02AA005996D5 /* Project object */ = {
			isa = PBXProject;
			attributes = {
				BuildIndependentTargetsInParallel = YES;
				LastSwiftUpdateCheck = 0920;
				LastUpgradeCheck = 2640;
				ORGANIZATIONNAME = "Piotr Sochalewski";
				TargetAttributes = {
					AE62F7202024EA8C00A57DAE = {
						CreatedOnToolsVersion = 9.2;
						DevelopmentTeam = 8PM48474J4;
						LastSwiftMigration = 1220;
						ProvisioningStyle = Automatic;
					};
					AE78C2771FFD267600874685 = {
						CreatedOnToolsVersion = 9.2;
						DevelopmentTeam = 8PM48474J4;
						LastSwiftMigration = 1020;
						ProvisioningStyle = Automatic;
						TestTargetID = AEF8AC811EBA02AA005996D5;
					};
					AEF8AC811EBA02AA005996D5 = {
						CreatedOnToolsVersion = 8.3.2;
						DevelopmentTeam = 8PM48474J4;
						LastSwiftMigration = 1020;
						ProvisioningStyle = Automatic;
					};
				};
			};
			buildConfigurationList = AEF8AC7D1EBA02AA005996D5 /* Build configuration list for PBXProject "Scrabbdict" */;
			developmentRegion = en;
			hasScannedForEncodings = 0;
			knownRegions = (
				en,
				fr,
				pl,
				Base,
			);
			mainGroup = AEF8AC791EBA02AA005996D5;
			minimizedProjectReferenceProxies = 1;
			packageReferences = (
				AE63C2662F8C45EB00E1DB8E /* XCRemoteSwiftPackageReference "firebase-ios-sdk" */,
				AECC64612FB9A3A80032633A /* XCRemoteSwiftPackageReference "swift-composable-architecture" */,
				AEA2A9A32FC49C1300BF8A82 /* XCRemoteSwiftPackageReference "swift-snapshot-testing" */,
			);
			preferredProjectObjectVersion = 77;
			productRefGroup = AEF8AC831EBA02AA005996D5 /* Products */;
			projectDirPath = "";
			projectRoot = "";
			targets = (
				AEF8AC811EBA02AA005996D5 /* Scrabbdict */,
				AE62F7202024EA8C00A57DAE /* DAWGBuilder */,
				AE78C2771FFD267600874685 /* ScrabbdictTests */,
			);
		};
/* End PBXProject section */

/* Begin PBXResourcesBuildPhase section */
		AE78C2761FFD267600874685 /* Resources */ = {
			isa = PBXResourcesBuildPhase;
			buildActionMask = 2147483647;
			files = (
			);
			runOnlyForDeploymentPostprocessing = 0;
		};
		AEF8AC801EBA02AA005996D5 /* Resources */ = {
			isa = PBXResourcesBuildPhase;
			buildActionMask = 2147483647;
			files = (
			);
			runOnlyForDeploymentPostprocessing = 0;
		};
/* End PBXResourcesBuildPhase section */

/* Begin PBXShellScriptBuildPhase section */
		AE5F00012FC7A00000000001 /* SwiftFormat Lint */ = {
			isa = PBXShellScriptBuildPhase;
			alwaysOutOfDate = 1;
			buildActionMask = 2147483647;
			files = (
			);
			inputFileListPaths = (
			);
			inputPaths = (
			);
			name = "SwiftFormat Lint";
			outputFileListPaths = (
			);
			outputPaths = (
			);
			runOnlyForDeploymentPostprocessing = 0;
			shellPath = /bin/bash;
			shellScript = "\"$SRCROOT/Scripts/swiftformat-lint.sh\"\n";
		};
		AE5F00022FC7A00000000002 /* SwiftFormat Lint */ = {
			isa = PBXShellScriptBuildPhase;
			alwaysOutOfDate = 1;
			buildActionMask = 2147483647;
			files = (
			);
			inputFileListPaths = (
			);
			inputPaths = (
			);
			name = "SwiftFormat Lint";
			outputFileListPaths = (
			);
			outputPaths = (
			);
			runOnlyForDeploymentPostprocessing = 0;
			shellPath = /bin/bash;
			shellScript = "\"$SRCROOT/Scripts/swiftformat-lint.sh\"\n";
		};
		AE71AD802FCCDC06002632DB /* Copy DAWG Files */ = {
			isa = PBXShellScriptBuildPhase;
			alwaysOutOfDate = 1;
			buildActionMask = 2147483647;
			files = (
			);
			inputFileListPaths = (
			);
			inputPaths = (
			);
			name = "Copy DAWG Files";
			outputFileListPaths = (
			);
			outputPaths = (
			);
			runOnlyForDeploymentPostprocessing = 0;
			shellPath = /bin/sh;
			shellScript = "DICTIONARIES_SRC=\"${SRCROOT}/.dictionaries/DAWG\"\nSAMPLES_SRC=\"${SRCROOT}/.samples/DAWG\"\nDST=\"${SRCROOT}/Scrabbdict/Resources/Dictionaries\"\n\nSRC=\"$DICTIONARIES_SRC\"\n[ -d \"$SRC\" ] || SRC=\"$SAMPLES_SRC\"\n\nmkdir -p \"$DST\" && rsync -a --delete \"$SRC/\" \"$DST/\" || {\n    echo \"warning: Could not copy DAWG files from $SRC\"\n    exit 0\n}\n";
		};
		AE71AD812FCCDC77002632DB /* Copy ZIP Files */ = {
			isa = PBXShellScriptBuildPhase;
			alwaysOutOfDate = 1;
			buildActionMask = 2147483647;
			files = (
			);
			inputFileListPaths = (
			);
			inputPaths = (
			);
			name = "Copy ZIP Files";
			outputFileListPaths = (
			);
			outputPaths = (
			);
			runOnlyForDeploymentPostprocessing = 0;
			shellPath = /bin/sh;
			shellScript = "DICTIONARIES_SRC=\"${SRCROOT}/.dictionaries/RAW\"\nSAMPLES_SRC=\"${SRCROOT}/.samples/RAW\"\nDST=\"${SRCROOT}/DAWGBuilder/RAW\"\n\nSRC=\"$DICTIONARIES_SRC\"\n[ -d \"$SRC\" ] || SRC=\"$SAMPLES_SRC\"\n\nmkdir -p \"$DST\" && rsync -a --delete \"$SRC/\" \"$DST/\" || {\n    echo \"warning: Could not copy ZIP files from $SRC\"\n    exit 0\n}\n";
		};
/* End PBXShellScriptBuildPhase section */

/* Begin PBXSourcesBuildPhase section */
		AE62F71D2024EA8C00A57DAE /* Sources */ = {
			isa = PBXSourcesBuildPhase;
			buildActionMask = 2147483647;
			files = (
			);
			runOnlyForDeploymentPostprocessing = 0;
		};
		AE78C2741FFD267600874685 /* Sources */ = {
			isa = PBXSourcesBuildPhase;
			buildActionMask = 2147483647;
			files = (
			);
			runOnlyForDeploymentPostprocessing = 0;
		};
		AEF8AC7E1EBA02AA005996D5 /* Sources */ = {
			isa = PBXSourcesBuildPhase;
			buildActionMask = 2147483647;
			files = (
			);
			runOnlyForDeploymentPostprocessing = 0;
		};
/* End PBXSourcesBuildPhase section */

/* Begin PBXTargetDependency section */
		AE78C27E1FFD267600874685 /* PBXTargetDependency */ = {
			isa = PBXTargetDependency;
			target = AEF8AC811EBA02AA005996D5 /* Scrabbdict */;
			targetProxy = AE78C27D1FFD267600874685 /* PBXContainerItemProxy */;
		};
/* End PBXTargetDependency section */

/* Begin XCBuildConfiguration section */
		AE62F72F2024EA8C00A57DAE /* Debug */ = {
			isa = XCBuildConfiguration;
			buildSettings = {
				CODE_SIGN_IDENTITY = "Mac Developer";
				CODE_SIGN_STYLE = Automatic;
				ENABLE_HARDENED_RUNTIME = YES;
				ENABLE_USER_SCRIPT_SANDBOXING = NO;
				MACOSX_DEPLOYMENT_TARGET = 15.0;
				PRODUCT_NAME = "$(TARGET_NAME)";
				SDKROOT = macosx;
				SWIFT_APPROACHABLE_CONCURRENCY = YES;
				SWIFT_UPCOMING_FEATURE_MEMBER_IMPORT_VISIBILITY = YES;
				SWIFT_VERSION = 5.0;
			};
			name = Debug;
		};
		AE62F7302024EA8C00A57DAE /* Release */ = {
			isa = XCBuildConfiguration;
			buildSettings = {
				CODE_SIGN_IDENTITY = "Mac Developer";
				CODE_SIGN_STYLE = Automatic;
				ENABLE_HARDENED_RUNTIME = YES;
				ENABLE_USER_SCRIPT_SANDBOXING = NO;
				MACOSX_DEPLOYMENT_TARGET = 15.0;
				PRODUCT_NAME = "$(TARGET_NAME)";
				SDKROOT = macosx;
				SWIFT_APPROACHABLE_CONCURRENCY = YES;
				SWIFT_UPCOMING_FEATURE_MEMBER_IMPORT_VISIBILITY = YES;
				SWIFT_VERSION = 5.0;
			};
			name = Release;
		};
		AE78C27F1FFD267600874685 /* Debug */ = {
			isa = XCBuildConfiguration;
			buildSettings = {
				BUNDLE_LOADER = "$(TEST_HOST)";
				CODE_SIGN_IDENTITY = "iPhone Developer";
				CODE_SIGN_STYLE = Automatic;
				GENERATE_INFOPLIST_FILE = YES;
				IPHONEOS_DEPLOYMENT_TARGET = 17.0;
				PRODUCT_BUNDLE_IDENTIFIER = pl.sochalewski.ScrabbdictTests;
				PRODUCT_NAME = "$(TARGET_NAME)";
				STRING_CATALOG_GENERATE_SYMBOLS = NO;
				SUPPORTED_PLATFORMS = "iphoneos iphonesimulator";
				SWIFT_APPROACHABLE_CONCURRENCY = YES;
				SWIFT_EMIT_LOC_STRINGS = NO;
				SWIFT_UPCOMING_FEATURE_MEMBER_IMPORT_VISIBILITY = YES;
				SWIFT_VERSION = 5.0;
				TARGETED_DEVICE_FAMILY = "1,2";
				TEST_HOST = "$(BUILT_PRODUCTS_DIR)/Scrabbdict.app/Scrabbdict";
			};
			name = Debug;
		};
		AE78C2801FFD267600874685 /* Release */ = {
			isa = XCBuildConfiguration;
			buildSettings = {
				BUNDLE_LOADER = "$(TEST_HOST)";
				CODE_SIGN_IDENTITY = "iPhone Developer";
				CODE_SIGN_STYLE = Automatic;
				GENERATE_INFOPLIST_FILE = YES;
				IPHONEOS_DEPLOYMENT_TARGET = 17.0;
				PRODUCT_BUNDLE_IDENTIFIER = pl.sochalewski.ScrabbdictTests;
				PRODUCT_NAME = "$(TARGET_NAME)";
				STRING_CATALOG_GENERATE_SYMBOLS = NO;
				SUPPORTED_PLATFORMS = "iphoneos iphonesimulator";
				SWIFT_APPROACHABLE_CONCURRENCY = YES;
				SWIFT_EMIT_LOC_STRINGS = NO;
				SWIFT_UPCOMING_FEATURE_MEMBER_IMPORT_VISIBILITY = YES;
				SWIFT_VERSION = 5.0;
				TARGETED_DEVICE_FAMILY = "1,2";
				TEST_HOST = "$(BUILT_PRODUCTS_DIR)/Scrabbdict.app/Scrabbdict";
			};
			name = Release;
		};
		AEF8AC921EBA02AA005996D5 /* Debug */ = {
			isa = XCBuildConfiguration;
			buildSettings = {
				ALWAYS_SEARCH_USER_PATHS = NO;
				ASSETCATALOG_COMPILER_GENERATE_SWIFT_ASSET_SYMBOL_EXTENSIONS = YES;
				CLANG_ANALYZER_NONNULL = YES;
				CLANG_ANALYZER_NUMBER_OBJECT_CONVERSION = YES_AGGRESSIVE;
				CLANG_CXX_LANGUAGE_STANDARD = "gnu++20";
				CLANG_ENABLE_MODULES = YES;
				CLANG_ENABLE_OBJC_ARC = YES;
				CLANG_ENABLE_OBJC_WEAK = YES;
				CLANG_WARN_BLOCK_CAPTURE_AUTORELEASING = YES;
				CLANG_WARN_BOOL_CONVERSION = YES;
				CLANG_WARN_COMMA = YES;
				CLANG_WARN_CONSTANT_CONVERSION = YES;
				CLANG_WARN_DEPRECATED_OBJC_IMPLEMENTATIONS = YES;
				CLANG_WARN_DIRECT_OBJC_ISA_USAGE = YES_ERROR;
				CLANG_WARN_DOCUMENTATION_COMMENTS = YES;
				CLANG_WARN_EMPTY_BODY = YES;
				CLANG_WARN_ENUM_CONVERSION = YES;
				CLANG_WARN_INFINITE_RECURSION = YES;
				CLANG_WARN_INT_CONVERSION = YES;
				CLANG_WARN_NON_LITERAL_NULL_CONVERSION = YES;
				CLANG_WARN_OBJC_IMPLICIT_RETAIN_SELF = YES;
				CLANG_WARN_OBJC_LITERAL_CONVERSION = YES;
				CLANG_WARN_OBJC_ROOT_CLASS = YES_ERROR;
				CLANG_WARN_QUOTED_INCLUDE_IN_FRAMEWORK_HEADER = YES;
				CLANG_WARN_RANGE_LOOP_ANALYSIS = YES;
				CLANG_WARN_STRICT_PROTOTYPES = YES;
				CLANG_WARN_SUSPICIOUS_MOVE = YES;
				CLANG_WARN_UNREACHABLE_CODE = YES;
				CLANG_WARN__DUPLICATE_METHOD_MATCH = YES;
				"CODE_SIGN_IDENTITY[sdk=iphoneos*]" = "iPhone Developer";
				COPY_PHASE_STRIP = NO;
				DEBUG_INFORMATION_FORMAT = dwarf;
				DEVELOPMENT_TEAM = 8PM48474J4;
				ENABLE_STRICT_OBJC_MSGSEND = YES;
				ENABLE_TESTABILITY = YES;
				ENABLE_USER_SCRIPT_SANDBOXING = YES;
				GCC_C_LANGUAGE_STANDARD = gnu17;
				GCC_DYNAMIC_NO_PIC = NO;
				GCC_NO_COMMON_BLOCKS = YES;
				GCC_OPTIMIZATION_LEVEL = 0;
				GCC_PREPROCESSOR_DEFINITIONS = (
					"DEBUG=1",
					"$(inherited)",
				);
				GCC_WARN_64_TO_32_BIT_CONVERSION = YES;
				GCC_WARN_ABOUT_RETURN_TYPE = YES_ERROR;
				GCC_WARN_UNDECLARED_SELECTOR = YES;
				GCC_WARN_UNINITIALIZED_AUTOS = YES_AGGRESSIVE;
				GCC_WARN_UNUSED_FUNCTION = YES;
				GCC_WARN_UNUSED_VARIABLE = YES;
				LOCALIZATION_PREFERS_STRING_CATALOGS = YES;
				MTL_ENABLE_DEBUG_INFO = INCLUDE_SOURCE;
				MTL_FAST_MATH = YES;
				ONLY_ACTIVE_ARCH = YES;
				SDKROOT = iphoneos;
				SWIFT_ACTIVE_COMPILATION_CONDITIONS = DEBUG;
				SWIFT_OPTIMIZATION_LEVEL = "-Onone";
				TARGETED_DEVICE_FAMILY = "1,2";
			};
			name = Debug;
		};
		AEF8AC931EBA02AA005996D5 /* Release */ = {
			isa = XCBuildConfiguration;
			buildSettings = {
				ALWAYS_SEARCH_USER_PATHS = NO;
				ASSETCATALOG_COMPILER_GENERATE_SWIFT_ASSET_SYMBOL_EXTENSIONS = YES;
				CLANG_ANALYZER_NONNULL = YES;
				CLANG_ANALYZER_NUMBER_OBJECT_CONVERSION = YES_AGGRESSIVE;
				CLANG_CXX_LANGUAGE_STANDARD = "gnu++20";
				CLANG_ENABLE_MODULES = YES;
				CLANG_ENABLE_OBJC_ARC = YES;
				CLANG_ENABLE_OBJC_WEAK = YES;
				CLANG_WARN_BLOCK_CAPTURE_AUTORELEASING = YES;
				CLANG_WARN_BOOL_CONVERSION = YES;
				CLANG_WARN_COMMA = YES;
				CLANG_WARN_CONSTANT_CONVERSION = YES;
				CLANG_WARN_DEPRECATED_OBJC_IMPLEMENTATIONS = YES;
				CLANG_WARN_DIRECT_OBJC_ISA_USAGE = YES_ERROR;
				CLANG_WARN_DOCUMENTATION_COMMENTS = YES;
				CLANG_WARN_EMPTY_BODY = YES;
				CLANG_WARN_ENUM_CONVERSION = YES;
				CLANG_WARN_INFINITE_RECURSION = YES;
				CLANG_WARN_INT_CONVERSION = YES;
				CLANG_WARN_NON_LITERAL_NULL_CONVERSION = YES;
				CLANG_WARN_OBJC_IMPLICIT_RETAIN_SELF = YES;
				CLANG_WARN_OBJC_LITERAL_CONVERSION = YES;
				CLANG_WARN_OBJC_ROOT_CLASS = YES_ERROR;
				CLANG_WARN_QUOTED_INCLUDE_IN_FRAMEWORK_HEADER = YES;
				CLANG_WARN_RANGE_LOOP_ANALYSIS = YES;
				CLANG_WARN_STRICT_PROTOTYPES = YES;
				CLANG_WARN_SUSPICIOUS_MOVE = YES;
				CLANG_WARN_UNREACHABLE_CODE = YES;
				CLANG_WARN__DUPLICATE_METHOD_MATCH = YES;
				"CODE_SIGN_IDENTITY[sdk=iphoneos*]" = "iPhone Developer";
				COPY_PHASE_STRIP = NO;
				DEBUG_INFORMATION_FORMAT = "dwarf-with-dsym";
				DEVELOPMENT_TEAM = 8PM48474J4;
				ENABLE_NS_ASSERTIONS = NO;
				ENABLE_STRICT_OBJC_MSGSEND = YES;
				ENABLE_USER_SCRIPT_SANDBOXING = YES;
				GCC_C_LANGUAGE_STANDARD = gnu17;
				GCC_NO_COMMON_BLOCKS = YES;
				GCC_WARN_64_TO_32_BIT_CONVERSION = YES;
				GCC_WARN_ABOUT_RETURN_TYPE = YES_ERROR;
				GCC_WARN_UNDECLARED_SELECTOR = YES;
				GCC_WARN_UNINITIALIZED_AUTOS = YES_AGGRESSIVE;
				GCC_WARN_UNUSED_FUNCTION = YES;
				GCC_WARN_UNUSED_VARIABLE = YES;
				LOCALIZATION_PREFERS_STRING_CATALOGS = YES;
				MTL_ENABLE_DEBUG_INFO = NO;
				MTL_FAST_MATH = YES;
				SDKROOT = iphoneos;
				SWIFT_COMPILATION_MODE = wholemodule;
				TARGETED_DEVICE_FAMILY = "1,2";
				VALIDATE_PRODUCT = YES;
			};
			name = Release;
		};
		AEF8AC951EBA02AA005996D5 /* Debug */ = {
			isa = XCBuildConfiguration;
			buildSettings = {
				ASSETCATALOG_COMPILER_APPICON_NAME = AppIcon;
				CURRENT_PROJECT_VERSION = 46;
				ENABLE_USER_SCRIPT_SANDBOXING = NO;
				GENERATE_INFOPLIST_FILE = YES;
				INFOPLIST_KEY_ITSAppUsesNonExemptEncryption = NO;
				INFOPLIST_KEY_UIApplicationSceneManifest_Generation = YES;
				INFOPLIST_KEY_UIApplicationSupportsIndirectInputEvents = YES;
				INFOPLIST_KEY_UILaunchScreen_Generation = YES;
				INFOPLIST_KEY_UISupportedInterfaceOrientations_iPad = "UIInterfaceOrientationPortrait UIInterfaceOrientationPortraitUpsideDown UIInterfaceOrientationLandscapeLeft UIInterfaceOrientationLandscapeRight";
				INFOPLIST_KEY_UISupportedInterfaceOrientations_iPhone = UIInterfaceOrientationPortrait;
				IPHONEOS_DEPLOYMENT_TARGET = 17.0;
				LD_RUNPATH_SEARCH_PATHS = (
					"$(inherited)",
					"@executable_path/Frameworks",
				);
				MARKETING_VERSION = 26.6;
				PRODUCT_BUNDLE_IDENTIFIER = pl.sochalewski.Scrabbdict;
				PRODUCT_NAME = "$(TARGET_NAME)";
				STRING_CATALOG_GENERATE_SYMBOLS = YES;
				SWIFT_APPROACHABLE_CONCURRENCY = YES;
				SWIFT_EMIT_LOC_STRINGS = YES;
				SWIFT_UPCOMING_FEATURE_MEMBER_IMPORT_VISIBILITY = YES;
				SWIFT_VERSION = 5.0;
				TARGETED_DEVICE_FAMILY = "1,2";
			};
			name = Debug;
		};
		AEF8AC961EBA02AA005996D5 /* Release */ = {
			isa = XCBuildConfiguration;
			buildSettings = {
				ASSETCATALOG_COMPILER_APPICON_NAME = AppIcon;
				CURRENT_PROJECT_VERSION = 46;
				ENABLE_USER_SCRIPT_SANDBOXING = NO;
				GENERATE_INFOPLIST_FILE = YES;
				INFOPLIST_KEY_ITSAppUsesNonExemptEncryption = NO;
				INFOPLIST_KEY_UIApplicationSceneManifest_Generation = YES;
				INFOPLIST_KEY_UIApplicationSupportsIndirectInputEvents = YES;
				INFOPLIST_KEY_UILaunchScreen_Generation = YES;
				INFOPLIST_KEY_UISupportedInterfaceOrientations_iPad = "UIInterfaceOrientationPortrait UIInterfaceOrientationPortraitUpsideDown UIInterfaceOrientationLandscapeLeft UIInterfaceOrientationLandscapeRight";
				INFOPLIST_KEY_UISupportedInterfaceOrientations_iPhone = UIInterfaceOrientationPortrait;
				IPHONEOS_DEPLOYMENT_TARGET = 17.0;
				LD_RUNPATH_SEARCH_PATHS = (
					"$(inherited)",
					"@executable_path/Frameworks",
				);
				MARKETING_VERSION = 26.6;
				PRODUCT_BUNDLE_IDENTIFIER = pl.sochalewski.Scrabbdict;
				PRODUCT_NAME = "$(TARGET_NAME)";
				STRING_CATALOG_GENERATE_SYMBOLS = YES;
				SWIFT_APPROACHABLE_CONCURRENCY = YES;
				SWIFT_EMIT_LOC_STRINGS = YES;
				SWIFT_UPCOMING_FEATURE_MEMBER_IMPORT_VISIBILITY = YES;
				SWIFT_VERSION = 5.0;
				TARGETED_DEVICE_FAMILY = "1,2";
			};
			name = Release;
		};
/* End XCBuildConfiguration section */

/* Begin XCConfigurationList section */
		AE62F72E2024EA8C00A57DAE /* Build configuration list for PBXNativeTarget "DAWGBuilder" */ = {
			isa = XCConfigurationList;
			buildConfigurations = (
				AE62F72F2024EA8C00A57DAE /* Debug */,
				AE62F7302024EA8C00A57DAE /* Release */,
			);
			defaultConfigurationIsVisible = 0;
			defaultConfigurationName = Release;
		};
		AE78C2811FFD267600874685 /* Build configuration list for PBXNativeTarget "ScrabbdictTests" */ = {
			isa = XCConfigurationList;
			buildConfigurations = (
				AE78C27F1FFD267600874685 /* Debug */,
				AE78C2801FFD267600874685 /* Release */,
			);
			defaultConfigurationIsVisible = 0;
			defaultConfigurationName = Release;
		};
		AEF8AC7D1EBA02AA005996D5 /* Build configuration list for PBXProject "Scrabbdict" */ = {
			isa = XCConfigurationList;
			buildConfigurations = (
				AEF8AC921EBA02AA005996D5 /* Debug */,
				AEF8AC931EBA02AA005996D5 /* Release */,
			);
			defaultConfigurationIsVisible = 0;
			defaultConfigurationName = Release;
		};
		AEF8AC941EBA02AA005996D5 /* Build configuration list for PBXNativeTarget "Scrabbdict" */ = {
			isa = XCConfigurationList;
			buildConfigurations = (
				AEF8AC951EBA02AA005996D5 /* Debug */,
				AEF8AC961EBA02AA005996D5 /* Release */,
			);
			defaultConfigurationIsVisible = 0;
			defaultConfigurationName = Release;
		};
/* End XCConfigurationList section */

/* Begin XCRemoteSwiftPackageReference section */
		AE63C2662F8C45EB00E1DB8E /* XCRemoteSwiftPackageReference "firebase-ios-sdk" */ = {
			isa = XCRemoteSwiftPackageReference;
			repositoryURL = "https://github.com/firebase/firebase-ios-sdk";
			requirement = {
				kind = upToNextMajorVersion;
				minimumVersion = 12.12.0;
			};
		};
		AEA2A9A32FC49C1300BF8A82 /* XCRemoteSwiftPackageReference "swift-snapshot-testing" */ = {
			isa = XCRemoteSwiftPackageReference;
			repositoryURL = "https://github.com/pointfreeco/swift-snapshot-testing";
			requirement = {
				kind = upToNextMajorVersion;
				minimumVersion = 1.19.2;
			};
		};
		AECC64612FB9A3A80032633A /* XCRemoteSwiftPackageReference "swift-composable-architecture" */ = {
			isa = XCRemoteSwiftPackageReference;
			repositoryURL = "https://github.com/pointfreeco/swift-composable-architecture";
			requirement = {
				kind = upToNextMajorVersion;
				minimumVersion = 1.25.5;
			};
			traits = (
			);
		};
/* End XCRemoteSwiftPackageReference section */

/* Begin XCSwiftPackageProductDependency section */
		AE63C2672F8C45EB00E1DB8E /* FirebaseAnalyticsCore */ = {
			isa = XCSwiftPackageProductDependency;
			package = AE63C2662F8C45EB00E1DB8E /* XCRemoteSwiftPackageReference "firebase-ios-sdk" */;
			productName = FirebaseAnalyticsCore;
		};
		AE63C2692F8C45EB00E1DB8E /* FirebaseCrashlytics */ = {
			isa = XCSwiftPackageProductDependency;
			package = AE63C2662F8C45EB00E1DB8E /* XCRemoteSwiftPackageReference "firebase-ios-sdk" */;
			productName = FirebaseCrashlytics;
		};
		AEA2A9A42FC49C1300BF8A82 /* SnapshotTesting */ = {
			isa = XCSwiftPackageProductDependency;
			package = AEA2A9A32FC49C1300BF8A82 /* XCRemoteSwiftPackageReference "swift-snapshot-testing" */;
			productName = SnapshotTesting;
		};
		AECC64622FB9A3A80032633A /* ComposableArchitecture */ = {
			isa = XCSwiftPackageProductDependency;
			package = AECC64612FB9A3A80032633A /* XCRemoteSwiftPackageReference "swift-composable-architecture" */;
			productName = ComposableArchitecture;
		};
/* End XCSwiftPackageProductDependency section */
	};
	rootObject = AEF8AC7A1EBA02AA005996D5 /* Project object */;
}
