// !$*UTF8*$!
{
	archiveVersion = 1;
	classes = {
	};
	objectVersion = 51;
	objects = {

/* Begin PBXBuildFile section */
		44568F612F86A969462A2CF7 /* Pods_Scrabbdict.framework in Frameworks */ = {isa = PBXBuildFile; fileRef = 5FE96A4F4403B1856452A782 /* Pods_Scrabbdict.framework */; };
		606ABC14185B2713FB4A7EDF /* Pods_ScrabbdictTests.framework in Frameworks */ = {isa = PBXBuildFile; fileRef = 21AF0A49B45E2A53135B05B5 /* Pods_ScrabbdictTests.framework */; };
		AE1B1A651EF2792700AD81CA /* ResultView.swift in Sources */ = {isa = PBXBuildFile; fileRef = AE1B1A641EF2792700AD81CA /* ResultView.swift */; };
		AE2D3BE72496178300475076 /* GoogleService-Info.plist in Resources */ = {isa = PBXBuildFile; fileRef = AE2D3BE62496178300475076 /* GoogleService-Info.plist */; };
		AE2E686D207D3D5E0044F8F9 /* Futura Bold.otf in Resources */ = {isa = PBXBuildFile; fileRef = AE2E686C207D3D5E0044F8F9 /* Futura Bold.otf */; };
		AE39AB8C1EFF7470001818A1 /* Settings.bundle in Resources */ = {isa = PBXBuildFile; fileRef = AE39AB8B1EFF7470001818A1 /* Settings.bundle */; };
		AE3A5F551EBA33F20069C6FF /* Language.swift in Sources */ = {isa = PBXBuildFile; fileRef = AE3A5F541EBA33F20069C6FF /* Language.swift */; };
		AE3A5FAC1EBA44390069C6FF /* Validator.swift in Sources */ = {isa = PBXBuildFile; fileRef = AE3A5FAB1EBA44390069C6FF /* Validator.swift */; };
		AE3D64E31EEC5F050048C9EC /* SettingsViewController.swift in Sources */ = {isa = PBXBuildFile; fileRef = AE3D64E21EEC5F050048C9EC /* SettingsViewController.swift */; };
		AE3D64E61EEC71D70048C9EC /* UIButton.swift in Sources */ = {isa = PBXBuildFile; fileRef = AE3D64E51EEC71D70048C9EC /* UIButton.swift */; };
		AE62F7242024EA8C00A57DAE /* AppDelegate.swift in Sources */ = {isa = PBXBuildFile; fileRef = AE62F7232024EA8C00A57DAE /* AppDelegate.swift */; };
		AE62F7262024EA8C00A57DAE /* ViewController.swift in Sources */ = {isa = PBXBuildFile; fileRef = AE62F7252024EA8C00A57DAE /* ViewController.swift */; };
		AE62F7282024EA8C00A57DAE /* Assets.xcassets in Resources */ = {isa = PBXBuildFile; fileRef = AE62F7272024EA8C00A57DAE /* Assets.xcassets */; };
		AE62F72B2024EA8C00A57DAE /* Main.storyboard in Resources */ = {isa = PBXBuildFile; fileRef = AE62F7292024EA8C00A57DAE /* Main.storyboard */; };
		AE62F7372024EB3D00A57DAE /* pl_PL.txt in Resources */ = {isa = PBXBuildFile; fileRef = AE62F7332024EB3D00A57DAE /* pl_PL.txt */; };
		AE62F7382024EB3D00A57DAE /* en_GB_sowpods.txt in Resources */ = {isa = PBXBuildFile; fileRef = AE62F7342024EB3D00A57DAE /* en_GB_sowpods.txt */; };
		AE62F7392024EB3D00A57DAE /* en_US_twl.txt in Resources */ = {isa = PBXBuildFile; fileRef = AE62F7352024EB3D00A57DAE /* en_US_twl.txt */; };
		AE62F73A2024EB7F00A57DAE /* Language.swift in Sources */ = {isa = PBXBuildFile; fileRef = AE3A5F541EBA33F20069C6FF /* Language.swift */; };
		AE6317CC2024F12A00EF42B2 /* Language+Extension.swift in Sources */ = {isa = PBXBuildFile; fileRef = AE6317CB2024F12A00EF42B2 /* Language+Extension.swift */; };
		AE6317D02024F30500EF42B2 /* RealmObjects.swift in Sources */ = {isa = PBXBuildFile; fileRef = AE6317CE2024F30500EF42B2 /* RealmObjects.swift */; };
		AE6317D12024F30500EF42B2 /* Database.realm in Resources */ = {isa = PBXBuildFile; fileRef = AE6317CF2024F30500EF42B2 /* Database.realm */; };
		AE6317D22024F30900EF42B2 /* RealmObjects.swift in Sources */ = {isa = PBXBuildFile; fileRef = AE6317CE2024F30500EF42B2 /* RealmObjects.swift */; };
		AE6317D42024F7DC00EF42B2 /* Collection+Extension.swift in Sources */ = {isa = PBXBuildFile; fileRef = AE6317D32024F7DC00EF42B2 /* Collection+Extension.swift */; };
		AE78C27B1FFD267600874685 /* ValidatorTests.swift in Sources */ = {isa = PBXBuildFile; fileRef = AE78C27A1FFD267600874685 /* ValidatorTests.swift */; };
		AE8B5BD3202F7A680013094A /* Trie.swift in Sources */ = {isa = PBXBuildFile; fileRef = AE8B5BD2202F7A680013094A /* Trie.swift */; };
		AE8B5BDE202F83250013094A /* String.swift in Sources */ = {isa = PBXBuildFile; fileRef = AE8B5BDD202F83250013094A /* String.swift */; };
		AEA3C7F220383CD900A741C3 /* String.swift in Sources */ = {isa = PBXBuildFile; fileRef = AE8B5BDD202F83250013094A /* String.swift */; };
		AECBBCF8203377F7001A40D8 /* GradientView.swift in Sources */ = {isa = PBXBuildFile; fileRef = AECBBCF7203377F7001A40D8 /* GradientView.swift */; };
		AED5BCA8245631E800B64249 /* fr_ODS.txt in Resources */ = {isa = PBXBuildFile; fileRef = AED5BCA7245631E800B64249 /* fr_ODS.txt */; };
		AEF782201EBA560700CC64EC /* MainViewController.swift in Sources */ = {isa = PBXBuildFile; fileRef = AEF7821F1EBA560700CC64EC /* MainViewController.swift */; };
		AEF8AC861EBA02AA005996D5 /* AppDelegate.swift in Sources */ = {isa = PBXBuildFile; fileRef = AEF8AC851EBA02AA005996D5 /* AppDelegate.swift */; };
		AEF8AC8B1EBA02AA005996D5 /* Main.storyboard in Resources */ = {isa = PBXBuildFile; fileRef = AEF8AC891EBA02AA005996D5 /* Main.storyboard */; };
		AEF8AC8D1EBA02AA005996D5 /* Assets.xcassets in Resources */ = {isa = PBXBuildFile; fileRef = AEF8AC8C1EBA02AA005996D5 /* Assets.xcassets */; };
		AEF8AC901EBA02AA005996D5 /* LaunchScreen.storyboard in Resources */ = {isa = PBXBuildFile; fileRef = AEF8AC8E1EBA02AA005996D5 /* LaunchScreen.storyboard */; };
		C323F9D7A7FCE417CD4B2B4A /* Pods_RealmDatabaseWizard.framework in Frameworks */ = {isa = PBXBuildFile; fileRef = 7C693B9CFE2B561455381616 /* Pods_RealmDatabaseWizard.framework */; };
/* End PBXBuildFile section */

/* Begin PBXContainerItemProxy section */
		AE78C27D1FFD267600874685 /* PBXContainerItemProxy */ = {
			isa = PBXContainerItemProxy;
			containerPortal = AEF8AC7A1EBA02AA005996D5 /* Project object */;
			proxyType = 1;
			remoteGlobalIDString = AEF8AC811EBA02AA005996D5;
			remoteInfo = Scrabbdict;
		};
/* End PBXContainerItemProxy section */

/* Begin PBXCopyFilesBuildPhase section */
		AE7420BE1EBA07CA000AA67B /* Embed App Extensions */ = {
			isa = PBXCopyFilesBuildPhase;
			buildActionMask = 2147483647;
			dstPath = "";
			dstSubfolderSpec = 13;
			files = (
			);
			name = "Embed App Extensions";
			runOnlyForDeploymentPostprocessing = 0;
		};
/* End PBXCopyFilesBuildPhase section */

/* Begin PBXFileReference section */
		18777994602FD9F69FF788A8 /* Pods-Scrabbdict.debug.xcconfig */ = {isa = PBXFileReference; includeInIndex = 1; lastKnownFileType = text.xcconfig; name = "Pods-Scrabbdict.debug.xcconfig"; path = "Pods/Target Support Files/Pods-Scrabbdict/Pods-Scrabbdict.debug.xcconfig"; sourceTree = "<group>"; };
		21AF0A49B45E2A53135B05B5 /* Pods_ScrabbdictTests.framework */ = {isa = PBXFileReference; explicitFileType = wrapper.framework; includeInIndex = 0; path = Pods_ScrabbdictTests.framework; sourceTree = BUILT_PRODUCTS_DIR; };
		5B5DF4A95CF3A1905FB95B48 /* Pods-ScrabbdictTests.debug.xcconfig */ = {isa = PBXFileReference; includeInIndex = 1; lastKnownFileType = text.xcconfig; name = "Pods-ScrabbdictTests.debug.xcconfig"; path = "Pods/Target Support Files/Pods-ScrabbdictTests/Pods-ScrabbdictTests.debug.xcconfig"; sourceTree = "<group>"; };
		5FE96A4F4403B1856452A782 /* Pods_Scrabbdict.framework */ = {isa = PBXFileReference; explicitFileType = wrapper.framework; includeInIndex = 0; path = Pods_Scrabbdict.framework; sourceTree = BUILT_PRODUCTS_DIR; };
		79410DD63A50DB82EB7C288E /* Pods-RealmDatabaseWizard.debug.xcconfig */ = {isa = PBXFileReference; includeInIndex = 1; lastKnownFileType = text.xcconfig; name = "Pods-RealmDatabaseWizard.debug.xcconfig"; path = "Pods/Target Support Files/Pods-RealmDatabaseWizard/Pods-RealmDatabaseWizard.debug.xcconfig"; sourceTree = "<group>"; };
		7C693B9CFE2B561455381616 /* Pods_RealmDatabaseWizard.framework */ = {isa = PBXFileReference; explicitFileType = wrapper.framework; includeInIndex = 0; path = Pods_RealmDatabaseWizard.framework; sourceTree = BUILT_PRODUCTS_DIR; };
		A59DF36C8ED3B789DBD6455C /* Pods-ScrabbdictTests.release.xcconfig */ = {isa = PBXFileReference; includeInIndex = 1; lastKnownFileType = text.xcconfig; name = "Pods-ScrabbdictTests.release.xcconfig"; path = "Pods/Target Support Files/Pods-ScrabbdictTests/Pods-ScrabbdictTests.release.xcconfig"; sourceTree = "<group>"; };
		AE1B1A641EF2792700AD81CA /* ResultView.swift */ = {isa = PBXFileReference; fileEncoding = 4; lastKnownFileType = sourcecode.swift; path = ResultView.swift; sourceTree = "<group>"; };
		AE2D3BE62496178300475076 /* GoogleService-Info.plist */ = {isa = PBXFileReference; fileEncoding = 4; lastKnownFileType = text.plist.xml; path = "GoogleService-Info.plist"; sourceTree = "<group>"; };
		AE2E686C207D3D5E0044F8F9 /* Futura Bold.otf */ = {isa = PBXFileReference; lastKnownFileType = file; path = "Futura Bold.otf"; sourceTree = "<group>"; };
		AE39AB8B1EFF7470001818A1 /* Settings.bundle */ = {isa = PBXFileReference; lastKnownFileType = "wrapper.plug-in"; path = Settings.bundle; sourceTree = "<group>"; };
		AE3A5F541EBA33F20069C6FF /* Language.swift */ = {isa = PBXFileReference; fileEncoding = 4; lastKnownFileType = sourcecode.swift; path = Language.swift; sourceTree = "<group>"; };
		AE3A5FAB1EBA44390069C6FF /* Validator.swift */ = {isa = PBXFileReference; fileEncoding = 4; lastKnownFileType = sourcecode.swift; path = Validator.swift; sourceTree = "<group>"; };
		AE3D64E21EEC5F050048C9EC /* SettingsViewController.swift */ = {isa = PBXFileReference; fileEncoding = 4; lastKnownFileType = sourcecode.swift; path = SettingsViewController.swift; sourceTree = "<group>"; };
		AE3D64E51EEC71D70048C9EC /* UIButton.swift */ = {isa = PBXFileReference; fileEncoding = 4; lastKnownFileType = sourcecode.swift; path = UIButton.swift; sourceTree = "<group>"; };
		AE62F7212024EA8C00A57DAE /* RealmDatabaseWizard.app */ = {isa = PBXFileReference; explicitFileType = wrapper.application; includeInIndex = 0; path = RealmDatabaseWizard.app; sourceTree = BUILT_PRODUCTS_DIR; };
		AE62F7232024EA8C00A57DAE /* AppDelegate.swift */ = {isa = PBXFileReference; lastKnownFileType = sourcecode.swift; path = AppDelegate.swift; sourceTree = "<group>"; };
		AE62F7252024EA8C00A57DAE /* ViewController.swift */ = {isa = PBXFileReference; lastKnownFileType = sourcecode.swift; path = ViewController.swift; sourceTree = "<group>"; };
		AE62F7272024EA8C00A57DAE /* Assets.xcassets */ = {isa = PBXFileReference; lastKnownFileType = folder.assetcatalog; path = Assets.xcassets; sourceTree = "<group>"; };
		AE62F72A2024EA8C00A57DAE /* Base */ = {isa = PBXFileReference; lastKnownFileType = file.storyboard; name = Base; path = Base.lproj/Main.storyboard; sourceTree = "<group>"; };
		AE62F72C2024EA8C00A57DAE /* Info.plist */ = {isa = PBXFileReference; lastKnownFileType = text.plist.xml; path = Info.plist; sourceTree = "<group>"; };
		AE62F72D2024EA8C00A57DAE /* RealmDatabaseWizard.entitlements */ = {isa = PBXFileReference; lastKnownFileType = text.plist.entitlements; path = RealmDatabaseWizard.entitlements; sourceTree = "<group>"; };
		AE62F7332024EB3D00A57DAE /* pl_PL.txt */ = {isa = PBXFileReference; fileEncoding = 4; lastKnownFileType = text; path = pl_PL.txt; sourceTree = "<group>"; };
		AE62F7342024EB3D00A57DAE /* en_GB_sowpods.txt */ = {isa = PBXFileReference; fileEncoding = 4; lastKnownFileType = text; path = en_GB_sowpods.txt; sourceTree = "<group>"; };
		AE62F7352024EB3D00A57DAE /* en_US_twl.txt */ = {isa = PBXFileReference; fileEncoding = 4; lastKnownFileType = text; path = en_US_twl.txt; sourceTree = "<group>"; };
		AE6317CB2024F12A00EF42B2 /* Language+Extension.swift */ = {isa = PBXFileReference; lastKnownFileType = sourcecode.swift; path = "Language+Extension.swift"; sourceTree = "<group>"; };
		AE6317CE2024F30500EF42B2 /* RealmObjects.swift */ = {isa = PBXFileReference; fileEncoding = 4; lastKnownFileType = sourcecode.swift; path = RealmObjects.swift; sourceTree = "<group>"; };
		AE6317CF2024F30500EF42B2 /* Database.realm */ = {isa = PBXFileReference; lastKnownFileType = file; path = Database.realm; sourceTree = "<group>"; };
		AE6317D32024F7DC00EF42B2 /* Collection+Extension.swift */ = {isa = PBXFileReference; lastKnownFileType = sourcecode.swift; path = "Collection+Extension.swift"; sourceTree = "<group>"; };
		AE78C2781FFD267600874685 /* ScrabbdictTests.xctest */ = {isa = PBXFileReference; explicitFileType = wrapper.cfbundle; includeInIndex = 0; path = ScrabbdictTests.xctest; sourceTree = BUILT_PRODUCTS_DIR; };
		AE78C27A1FFD267600874685 /* ValidatorTests.swift */ = {isa = PBXFileReference; lastKnownFileType = sourcecode.swift; path = ValidatorTests.swift; sourceTree = "<group>"; };
		AE78C27C1FFD267600874685 /* Info.plist */ = {isa = PBXFileReference; lastKnownFileType = text.plist.xml; path = Info.plist; sourceTree = "<group>"; };
		AE8B5BD2202F7A680013094A /* Trie.swift */ = {isa = PBXFileReference; fileEncoding = 4; lastKnownFileType = sourcecode.swift; path = Trie.swift; sourceTree = "<group>"; };
		AE8B5BDD202F83250013094A /* String.swift */ = {isa = PBXFileReference; lastKnownFileType = sourcecode.swift; path = String.swift; sourceTree = "<group>"; };
		AECBBCF7203377F7001A40D8 /* GradientView.swift */ = {isa = PBXFileReference; fileEncoding = 4; lastKnownFileType = sourcecode.swift; path = GradientView.swift; sourceTree = "<group>"; };
		AED5BCA7245631E800B64249 /* fr_ODS.txt */ = {isa = PBXFileReference; fileEncoding = 4; lastKnownFileType = text; path = fr_ODS.txt; sourceTree = "<group>"; };
		AEF7821F1EBA560700CC64EC /* MainViewController.swift */ = {isa = PBXFileReference; fileEncoding = 4; lastKnownFileType = sourcecode.swift; path = MainViewController.swift; sourceTree = "<group>"; };
		AEF8AC821EBA02AA005996D5 /* Scrabbdict.app */ = {isa = PBXFileReference; explicitFileType = wrapper.application; includeInIndex = 0; path = Scrabbdict.app; sourceTree = BUILT_PRODUCTS_DIR; };
		AEF8AC851EBA02AA005996D5 /* AppDelegate.swift */ = {isa = PBXFileReference; lastKnownFileType = sourcecode.swift; path = AppDelegate.swift; sourceTree = "<group>"; };
		AEF8AC8A1EBA02AA005996D5 /* Base */ = {isa = PBXFileReference; lastKnownFileType = file.storyboard; name = Base; path = Base.lproj/Main.storyboard; sourceTree = "<group>"; };
		AEF8AC8C1EBA02AA005996D5 /* Assets.xcassets */ = {isa = PBXFileReference; lastKnownFileType = folder.assetcatalog; path = Assets.xcassets; sourceTree = "<group>"; };
		AEF8AC8F1EBA02AA005996D5 /* Base */ = {isa = PBXFileReference; lastKnownFileType = file.storyboard; name = Base; path = Base.lproj/LaunchScreen.storyboard; sourceTree = "<group>"; };
		AEF8AC911EBA02AA005996D5 /* Info.plist */ = {isa = PBXFileReference; lastKnownFileType = text.plist.xml; path = Info.plist; sourceTree = "<group>"; };
		C128FBE5C985FBEA8853F0A7 /* Pods-RealmDatabaseWizard.release.xcconfig */ = {isa = PBXFileReference; includeInIndex = 1; lastKnownFileType = text.xcconfig; name = "Pods-RealmDatabaseWizard.release.xcconfig"; path = "Pods/Target Support Files/Pods-RealmDatabaseWizard/Pods-RealmDatabaseWizard.release.xcconfig"; sourceTree = "<group>"; };
		DDCB1610B426694FFFC8A7C4 /* Pods-Scrabbdict.release.xcconfig */ = {isa = PBXFileReference; includeInIndex = 1; lastKnownFileType = text.xcconfig; name = "Pods-Scrabbdict.release.xcconfig"; path = "Pods/Target Support Files/Pods-Scrabbdict/Pods-Scrabbdict.release.xcconfig"; sourceTree = "<group>"; };
/* End PBXFileReference section */

/* Begin PBXFrameworksBuildPhase section */
		AE62F71E2024EA8C00A57DAE /* Frameworks */ = {
			isa = PBXFrameworksBuildPhase;
			buildActionMask = 2147483647;
			files = (
				C323F9D7A7FCE417CD4B2B4A /* Pods_RealmDatabaseWizard.framework in Frameworks */,
			);
			runOnlyForDeploymentPostprocessing = 0;
		};
		AE78C2751FFD267600874685 /* Frameworks */ = {
			isa = PBXFrameworksBuildPhase;
			buildActionMask = 2147483647;
			files = (
				606ABC14185B2713FB4A7EDF /* Pods_ScrabbdictTests.framework in Frameworks */,
			);
			runOnlyForDeploymentPostprocessing = 0;
		};
		AEF8AC7F1EBA02AA005996D5 /* Frameworks */ = {
			isa = PBXFrameworksBuildPhase;
			buildActionMask = 2147483647;
			files = (
				44568F612F86A969462A2CF7 /* Pods_Scrabbdict.framework in Frameworks */,
			);
			runOnlyForDeploymentPostprocessing = 0;
		};
/* End PBXFrameworksBuildPhase section */

/* Begin PBXGroup section */
		53F741C6042EED55E84B35A9 /* Frameworks */ = {
			isa = PBXGroup;
			children = (
				7C693B9CFE2B561455381616 /* Pods_RealmDatabaseWizard.framework */,
				5FE96A4F4403B1856452A782 /* Pods_Scrabbdict.framework */,
				21AF0A49B45E2A53135B05B5 /* Pods_ScrabbdictTests.framework */,
			);
			name = Frameworks;
			sourceTree = "<group>";
		};
		994FB0AE89BFAF41E6A28599 /* Pods */ = {
			isa = PBXGroup;
			children = (
				79410DD63A50DB82EB7C288E /* Pods-RealmDatabaseWizard.debug.xcconfig */,
				C128FBE5C985FBEA8853F0A7 /* Pods-RealmDatabaseWizard.release.xcconfig */,
				18777994602FD9F69FF788A8 /* Pods-Scrabbdict.debug.xcconfig */,
				DDCB1610B426694FFFC8A7C4 /* Pods-Scrabbdict.release.xcconfig */,
				5B5DF4A95CF3A1905FB95B48 /* Pods-ScrabbdictTests.debug.xcconfig */,
				A59DF36C8ED3B789DBD6455C /* Pods-ScrabbdictTests.release.xcconfig */,
			);
			name = Pods;
			sourceTree = "<group>";
		};
		AE1B1A631EF2791C00AD81CA /* Views */ = {
			isa = PBXGroup;
			children = (
				AE1B1A641EF2792700AD81CA /* ResultView.swift */,
				AECBBCF7203377F7001A40D8 /* GradientView.swift */,
			);
			path = Views;
			sourceTree = "<group>";
		};
		AE3A5F531EBA33E60069C6FF /* Helpers */ = {
			isa = PBXGroup;
			children = (
				AE3A5F541EBA33F20069C6FF /* Language.swift */,
				AE3A5FAB1EBA44390069C6FF /* Validator.swift */,
				AE8B5BD2202F7A680013094A /* Trie.swift */,
			);
			path = Helpers;
			sourceTree = "<group>";
		};
		AE3D64E41EEC71D00048C9EC /* Extensions */ = {
			isa = PBXGroup;
			children = (
				AE3D64E51EEC71D70048C9EC /* UIButton.swift */,
				AE6317CB2024F12A00EF42B2 /* Language+Extension.swift */,
				AE6317D32024F7DC00EF42B2 /* Collection+Extension.swift */,
				AE8B5BDD202F83250013094A /* String.swift */,
			);
			path = Extensions;
			sourceTree = "<group>";
		};
		AE62F7222024EA8C00A57DAE /* RealmDatabaseWizard */ = {
			isa = PBXGroup;
			children = (
				AE62F7312024EB3D00A57DAE /* Files */,
				AE62F7232024EA8C00A57DAE /* AppDelegate.swift */,
				AE62F7252024EA8C00A57DAE /* ViewController.swift */,
				AE62F7272024EA8C00A57DAE /* Assets.xcassets */,
				AE62F7292024EA8C00A57DAE /* Main.storyboard */,
				AE62F72C2024EA8C00A57DAE /* Info.plist */,
				AE62F72D2024EA8C00A57DAE /* RealmDatabaseWizard.entitlements */,
			);
			path = RealmDatabaseWizard;
			sourceTree = "<group>";
		};
		AE62F7312024EB3D00A57DAE /* Files */ = {
			isa = PBXGroup;
			children = (
				AED5BCA7245631E800B64249 /* fr_ODS.txt */,
				AE62F7332024EB3D00A57DAE /* pl_PL.txt */,
				AE62F7342024EB3D00A57DAE /* en_GB_sowpods.txt */,
				AE62F7352024EB3D00A57DAE /* en_US_twl.txt */,
			);
			path = Files;
			sourceTree = "<group>";
		};
		AE6317CD2024F30500EF42B2 /* Database */ = {
			isa = PBXGroup;
			children = (
				AE6317CE2024F30500EF42B2 /* RealmObjects.swift */,
				AE6317CF2024F30500EF42B2 /* Database.realm */,
			);
			path = Database;
			sourceTree = "<group>";
		};
		AE7420C01EBA0894000AA67B /* View Controllers */ = {
			isa = PBXGroup;
			children = (
				AEF7821F1EBA560700CC64EC /* MainViewController.swift */,
				AE3D64E21EEC5F050048C9EC /* SettingsViewController.swift */,
			);
			path = "View Controllers";
			sourceTree = "<group>";
		};
		AE78C2791FFD267600874685 /* ScrabbdictTests */ = {
			isa = PBXGroup;
			children = (
				AE78C27A1FFD267600874685 /* ValidatorTests.swift */,
				AE78C27C1FFD267600874685 /* Info.plist */,
			);
			path = ScrabbdictTests;
			sourceTree = "<group>";
		};
		AE8B5BD4202F7BD10013094A /* Files */ = {
			isa = PBXGroup;
			children = (
				AE2E686C207D3D5E0044F8F9 /* Futura Bold.otf */,
			);
			path = Files;
			sourceTree = "<group>";
		};
		AEF8AC791EBA02AA005996D5 = {
			isa = PBXGroup;
			children = (
				AEF8AC841EBA02AA005996D5 /* Scrabbdict */,
				AE78C2791FFD267600874685 /* ScrabbdictTests */,
				AE62F7222024EA8C00A57DAE /* RealmDatabaseWizard */,
				AEF8AC831EBA02AA005996D5 /* Products */,
				994FB0AE89BFAF41E6A28599 /* Pods */,
				53F741C6042EED55E84B35A9 /* Frameworks */,
			);
			sourceTree = "<group>";
		};
		AEF8AC831EBA02AA005996D5 /* Products */ = {
			isa = PBXGroup;
			children = (
				AEF8AC821EBA02AA005996D5 /* Scrabbdict.app */,
				AE78C2781FFD267600874685 /* ScrabbdictTests.xctest */,
				AE62F7212024EA8C00A57DAE /* RealmDatabaseWizard.app */,
			);
			name = Products;
			sourceTree = "<group>";
		};
		AEF8AC841EBA02AA005996D5 /* Scrabbdict */ = {
			isa = PBXGroup;
			children = (
				AE7420C01EBA0894000AA67B /* View Controllers */,
				AE1B1A631EF2791C00AD81CA /* Views */,
				AE3A5F531EBA33E60069C6FF /* Helpers */,
				AE3D64E41EEC71D00048C9EC /* Extensions */,
				AE6317CD2024F30500EF42B2 /* Database */,
				AE8B5BD4202F7BD10013094A /* Files */,
				AEF8AC851EBA02AA005996D5 /* AppDelegate.swift */,
				AEF8AC891EBA02AA005996D5 /* Main.storyboard */,
				AEF8AC8C1EBA02AA005996D5 /* Assets.xcassets */,
				AEF8AC8E1EBA02AA005996D5 /* LaunchScreen.storyboard */,
				AE39AB8B1EFF7470001818A1 /* Settings.bundle */,
				AEF8AC911EBA02AA005996D5 /* Info.plist */,
				AE2D3BE62496178300475076 /* GoogleService-Info.plist */,
			);
			path = Scrabbdict;
			sourceTree = "<group>";
		};
/* End PBXGroup section */

/* Begin PBXNativeTarget section */
		AE62F7202024EA8C00A57DAE /* RealmDatabaseWizard */ = {
			isa = PBXNativeTarget;
			buildConfigurationList = AE62F72E2024EA8C00A57DAE /* Build configuration list for PBXNativeTarget "RealmDatabaseWizard" */;
			buildPhases = (
				DFD409540C695D471BC8FD0A /* [CP] Check Pods Manifest.lock */,
				AE62F71D2024EA8C00A57DAE /* Sources */,
				AE62F71E2024EA8C00A57DAE /* Frameworks */,
				AE62F71F2024EA8C00A57DAE /* Resources */,
				EFF71FDAEE9355908E16D4E3 /* [CP] Embed Pods Frameworks */,
			);
			buildRules = (
			);
			dependencies = (
			);
			name = RealmDatabaseWizard;
			productName = RealmDatabaseWizard;
			productReference = AE62F7212024EA8C00A57DAE /* RealmDatabaseWizard.app */;
			productType = "com.apple.product-type.application";
		};
		AE78C2771FFD267600874685 /* ScrabbdictTests */ = {
			isa = PBXNativeTarget;
			buildConfigurationList = AE78C2811FFD267600874685 /* Build configuration list for PBXNativeTarget "ScrabbdictTests" */;
			buildPhases = (
				C82D751F0802B61B42300C58 /* [CP] Check Pods Manifest.lock */,
				AE78C2741FFD267600874685 /* Sources */,
				AE78C2751FFD267600874685 /* Frameworks */,
				AE78C2761FFD267600874685 /* Resources */,
			);
			buildRules = (
			);
			dependencies = (
				AE78C27E1FFD267600874685 /* PBXTargetDependency */,
			);
			name = ScrabbdictTests;
			productName = ScrabbdictTests;
			productReference = AE78C2781FFD267600874685 /* ScrabbdictTests.xctest */;
			productType = "com.apple.product-type.bundle.unit-test";
		};
		AEF8AC811EBA02AA005996D5 /* Scrabbdict */ = {
			isa = PBXNativeTarget;
			buildConfigurationList = AEF8AC941EBA02AA005996D5 /* Build configuration list for PBXNativeTarget "Scrabbdict" */;
			buildPhases = (
				198BEF9602D73FF0D4B71511 /* [CP] Check Pods Manifest.lock */,
				AEF8AC7E1EBA02AA005996D5 /* Sources */,
				AEF8AC7F1EBA02AA005996D5 /* Frameworks */,
				AEF8AC801EBA02AA005996D5 /* Resources */,
				AECB3DD71EE9E15D00A8006E /* Crashlytics */,
				AE7420BE1EBA07CA000AA67B /* Embed App Extensions */,
				0B2B84C17B8985FC62AAF10B /* [CP] Embed Pods Frameworks */,
			);
			buildRules = (
			);
			dependencies = (
			);
			name = Scrabbdict;
			productName = Scrabbdict;
			productReference = AEF8AC821EBA02AA005996D5 /* Scrabbdict.app */;
			productType = "com.apple.product-type.application";
		};
/* End PBXNativeTarget section */

/* Begin PBXProject section */
		AEF8AC7A1EBA02AA005996D5 /* Project object */ = {
			isa = PBXProject;
			attributes = {
				LastSwiftUpdateCheck = 0920;
				LastUpgradeCheck = 1020;
				ORGANIZATIONNAME = "Piotr Sochalewski";
				TargetAttributes = {
					AE62F7202024EA8C00A57DAE = {
						CreatedOnToolsVersion = 9.2;
						DevelopmentTeam = 8PM48474J4;
						LastSwiftMigration = 1000;
						ProvisioningStyle = Automatic;
					};
					AE78C2771FFD267600874685 = {
						CreatedOnToolsVersion = 9.2;
						DevelopmentTeam = 8PM48474J4;
						LastSwiftMigration = 1020;
						ProvisioningStyle = Automatic;
						TestTargetID = AEF8AC811EBA02AA005996D5;
					};
					AEF8AC811EBA02AA005996D5 = {
						CreatedOnToolsVersion = 8.3.2;
						DevelopmentTeam = 8PM48474J4;
						LastSwiftMigration = 1020;
						ProvisioningStyle = Automatic;
					};
				};
			};
			buildConfigurationList = AEF8AC7D1EBA02AA005996D5 /* Build configuration list for PBXProject "Scrabbdict" */;
			compatibilityVersion = "Xcode 10.0";
			developmentRegion = en;
			hasScannedForEncodings = 0;
			knownRegions = (
				en,
				Base,
			);
			mainGroup = AEF8AC791EBA02AA005996D5;
			productRefGroup = AEF8AC831EBA02AA005996D5 /* Products */;
			projectDirPath = "";
			projectRoot = "";
			targets = (
				AEF8AC811EBA02AA005996D5 /* Scrabbdict */,
				AE78C2771FFD267600874685 /* ScrabbdictTests */,
				AE62F7202024EA8C00A57DAE /* RealmDatabaseWizard */,
			);
		};
/* End PBXProject section */

/* Begin PBXResourcesBuildPhase section */
		AE62F71F2024EA8C00A57DAE /* Resources */ = {
			isa = PBXResourcesBuildPhase;
			buildActionMask = 2147483647;
			files = (
				AE62F7282024EA8C00A57DAE /* Assets.xcassets in Resources */,
				AED5BCA8245631E800B64249 /* fr_ODS.txt in Resources */,
				AE62F7382024EB3D00A57DAE /* en_GB_sowpods.txt in Resources */,
				AE62F72B2024EA8C00A57DAE /* Main.storyboard in Resources */,
				AE62F7392024EB3D00A57DAE /* en_US_twl.txt in Resources */,
				AE62F7372024EB3D00A57DAE /* pl_PL.txt in Resources */,
			);
			runOnlyForDeploymentPostprocessing = 0;
		};
		AE78C2761FFD267600874685 /* Resources */ = {
			isa = PBXResourcesBuildPhase;
			buildActionMask = 2147483647;
			files = (
			);
			runOnlyForDeploymentPostprocessing = 0;
		};
		AEF8AC801EBA02AA005996D5 /* Resources */ = {
			isa = PBXResourcesBuildPhase;
			buildActionMask = 2147483647;
			files = (
				AE2E686D207D3D5E0044F8F9 /* Futura Bold.otf in Resources */,
				AEF8AC901EBA02AA005996D5 /* LaunchScreen.storyboard in Resources */,
				AE39AB8C1EFF7470001818A1 /* Settings.bundle in Resources */,
				AEF8AC8D1EBA02AA005996D5 /* Assets.xcassets in Resources */,
				AE6317D12024F30500EF42B2 /* Database.realm in Resources */,
				AEF8AC8B1EBA02AA005996D5 /* Main.storyboard in Resources */,
				AE2D3BE72496178300475076 /* GoogleService-Info.plist in Resources */,
			);
			runOnlyForDeploymentPostprocessing = 0;
		};
/* End PBXResourcesBuildPhase section */

/* Begin PBXShellScriptBuildPhase section */
		0B2B84C17B8985FC62AAF10B /* [CP] Embed Pods Frameworks */ = {
			isa = PBXShellScriptBuildPhase;
			buildActionMask = 2147483647;
			files = (
			);
			inputFileListPaths = (
				"${PODS_ROOT}/Target Support Files/Pods-Scrabbdict/Pods-Scrabbdict-frameworks-${CONFIGURATION}-input-files.xcfilelist",
			);
			name = "[CP] Embed Pods Frameworks";
			outputFileListPaths = (
				"${PODS_ROOT}/Target Support Files/Pods-Scrabbdict/Pods-Scrabbdict-frameworks-${CONFIGURATION}-output-files.xcfilelist",
			);
			runOnlyForDeploymentPostprocessing = 0;
			shellPath = /bin/sh;
			shellScript = "\"${PODS_ROOT}/Target Support Files/Pods-Scrabbdict/Pods-Scrabbdict-frameworks.sh\"\n";
			showEnvVarsInLog = 0;
		};
		198BEF9602D73FF0D4B71511 /* [CP] Check Pods Manifest.lock */ = {
			isa = PBXShellScriptBuildPhase;
			buildActionMask = 2147483647;
			files = (
			);
			inputPaths = (
				"${PODS_PODFILE_DIR_PATH}/Podfile.lock",
				"${PODS_ROOT}/Manifest.lock",
			);
			name = "[CP] Check Pods Manifest.lock";
			outputPaths = (
				"$(DERIVED_FILE_DIR)/Pods-Scrabbdict-checkManifestLockResult.txt",
			);
			runOnlyForDeploymentPostprocessing = 0;
			shellPath = /bin/sh;
			shellScript = "diff \"${PODS_PODFILE_DIR_PATH}/Podfile.lock\" \"${PODS_ROOT}/Manifest.lock\" > /dev/null\nif [ $? != 0 ] ; then\n    # print error to STDERR\n    echo \"error: The sandbox is not in sync with the Podfile.lock. Run 'pod install' or update your CocoaPods installation.\" >&2\n    exit 1\nfi\n# This output is used by Xcode 'outputs' to avoid re-running this script phase.\necho \"SUCCESS\" > \"${SCRIPT_OUTPUT_FILE_0}\"\n";
			showEnvVarsInLog = 0;
		};
		AECB3DD71EE9E15D00A8006E /* Crashlytics */ = {
			isa = PBXShellScriptBuildPhase;
			buildActionMask = 2147483647;
			files = (
			);
			inputPaths = (
			);
			name = Crashlytics;
			outputPaths = (
			);
			runOnlyForDeploymentPostprocessing = 0;
			shellPath = /bin/sh;
			shellScript = "${PODS_ROOT}/FirebaseCrashlytics/run\n";
		};
		C82D751F0802B61B42300C58 /* [CP] Check Pods Manifest.lock */ = {
			isa = PBXShellScriptBuildPhase;
			buildActionMask = 2147483647;
			files = (
			);
			inputPaths = (
				"${PODS_PODFILE_DIR_PATH}/Podfile.lock",
				"${PODS_ROOT}/Manifest.lock",
			);
			name = "[CP] Check Pods Manifest.lock";
			outputPaths = (
				"$(DERIVED_FILE_DIR)/Pods-ScrabbdictTests-checkManifestLockResult.txt",
			);
			runOnlyForDeploymentPostprocessing = 0;
			shellPath = /bin/sh;
			shellScript = "diff \"${PODS_PODFILE_DIR_PATH}/Podfile.lock\" \"${PODS_ROOT}/Manifest.lock\" > /dev/null\nif [ $? != 0 ] ; then\n    # print error to STDERR\n    echo \"error: The sandbox is not in sync with the Podfile.lock. Run 'pod install' or update your CocoaPods installation.\" >&2\n    exit 1\nfi\n# This output is used by Xcode 'outputs' to avoid re-running this script phase.\necho \"SUCCESS\" > \"${SCRIPT_OUTPUT_FILE_0}\"\n";
			showEnvVarsInLog = 0;
		};
		DFD409540C695D471BC8FD0A /* [CP] Check Pods Manifest.lock */ = {
			isa = PBXShellScriptBuildPhase;
			buildActionMask = 2147483647;
			files = (
			);
			inputPaths = (
				"${PODS_PODFILE_DIR_PATH}/Podfile.lock",
				"${PODS_ROOT}/Manifest.lock",
			);
			name = "[CP] Check Pods Manifest.lock";
			outputPaths = (
				"$(DERIVED_FILE_DIR)/Pods-RealmDatabaseWizard-checkManifestLockResult.txt",
			);
			runOnlyForDeploymentPostprocessing = 0;
			shellPath = /bin/sh;
			shellScript = "diff \"${PODS_PODFILE_DIR_PATH}/Podfile.lock\" \"${PODS_ROOT}/Manifest.lock\" > /dev/null\nif [ $? != 0 ] ; then\n    # print error to STDERR\n    echo \"error: The sandbox is not in sync with the Podfile.lock. Run 'pod install' or update your CocoaPods installation.\" >&2\n    exit 1\nfi\n# This output is used by Xcode 'outputs' to avoid re-running this script phase.\necho \"SUCCESS\" > \"${SCRIPT_OUTPUT_FILE_0}\"\n";
			showEnvVarsInLog = 0;
		};
		EFF71FDAEE9355908E16D4E3 /* [CP] Embed Pods Frameworks */ = {
			isa = PBXShellScriptBuildPhase;
			buildActionMask = 2147483647;
			files = (
			);
			inputFileListPaths = (
				"${PODS_ROOT}/Target Support Files/Pods-RealmDatabaseWizard/Pods-RealmDatabaseWizard-frameworks-${CONFIGURATION}-input-files.xcfilelist",
			);
			name = "[CP] Embed Pods Frameworks";
			outputFileListPaths = (
				"${PODS_ROOT}/Target Support Files/Pods-RealmDatabaseWizard/Pods-RealmDatabaseWizard-frameworks-${CONFIGURATION}-output-files.xcfilelist",
			);
			runOnlyForDeploymentPostprocessing = 0;
			shellPath = /bin/sh;
			shellScript = "\"${PODS_ROOT}/Target Support Files/Pods-RealmDatabaseWizard/Pods-RealmDatabaseWizard-frameworks.sh\"\n";
			showEnvVarsInLog = 0;
		};
/* End PBXShellScriptBuildPhase section */

/* Begin PBXSourcesBuildPhase section */
		AE62F71D2024EA8C00A57DAE /* Sources */ = {
			isa = PBXSourcesBuildPhase;
			buildActionMask = 2147483647;
			files = (
				AE6317D22024F30900EF42B2 /* RealmObjects.swift in Sources */,
				AE62F73A2024EB7F00A57DAE /* Language.swift in Sources */,
				AEA3C7F220383CD900A741C3 /* String.swift in Sources */,
				AE62F7262024EA8C00A57DAE /* ViewController.swift in Sources */,
				AE62F7242024EA8C00A57DAE /* AppDelegate.swift in Sources */,
			);
			runOnlyForDeploymentPostprocessing = 0;
		};
		AE78C2741FFD267600874685 /* Sources */ = {
			isa = PBXSourcesBuildPhase;
			buildActionMask = 2147483647;
			files = (
				AE78C27B1FFD267600874685 /* ValidatorTests.swift in Sources */,
			);
			runOnlyForDeploymentPostprocessing = 0;
		};
		AEF8AC7E1EBA02AA005996D5 /* Sources */ = {
			isa = PBXSourcesBuildPhase;
			buildActionMask = 2147483647;
			files = (
				AE8B5BD3202F7A680013094A /* Trie.swift in Sources */,
				AEF782201EBA560700CC64EC /* MainViewController.swift in Sources */,
				AE3A5F551EBA33F20069C6FF /* Language.swift in Sources */,
				AE6317CC2024F12A00EF42B2 /* Language+Extension.swift in Sources */,
				AE6317D02024F30500EF42B2 /* RealmObjects.swift in Sources */,
				AE6317D42024F7DC00EF42B2 /* Collection+Extension.swift in Sources */,
				AE8B5BDE202F83250013094A /* String.swift in Sources */,
				AEF8AC861EBA02AA005996D5 /* AppDelegate.swift in Sources */,
				AE3D64E61EEC71D70048C9EC /* UIButton.swift in Sources */,
				AE1B1A651EF2792700AD81CA /* ResultView.swift in Sources */,
				AECBBCF8203377F7001A40D8 /* GradientView.swift in Sources */,
				AE3A5FAC1EBA44390069C6FF /* Validator.swift in Sources */,
				AE3D64E31EEC5F050048C9EC /* SettingsViewController.swift in Sources */,
			);
			runOnlyForDeploymentPostprocessing = 0;
		};
/* End PBXSourcesBuildPhase section */

/* Begin PBXTargetDependency section */
		AE78C27E1FFD267600874685 /* PBXTargetDependency */ = {
			isa = PBXTargetDependency;
			target = AEF8AC811EBA02AA005996D5 /* Scrabbdict */;
			targetProxy = AE78C27D1FFD267600874685 /* PBXContainerItemProxy */;
		};
/* End PBXTargetDependency section */

/* Begin PBXVariantGroup section */
		AE62F7292024EA8C00A57DAE /* Main.storyboard */ = {
			isa = PBXVariantGroup;
			children = (
				AE62F72A2024EA8C00A57DAE /* Base */,
			);
			name = Main.storyboard;
			sourceTree = "<group>";
		};
		AEF8AC891EBA02AA005996D5 /* Main.storyboard */ = {
			isa = PBXVariantGroup;
			children = (
				AEF8AC8A1EBA02AA005996D5 /* Base */,
			);
			name = Main.storyboard;
			sourceTree = "<group>";
		};
		AEF8AC8E1EBA02AA005996D5 /* LaunchScreen.storyboard */ = {
			isa = PBXVariantGroup;
			children = (
				AEF8AC8F1EBA02AA005996D5 /* Base */,
			);
			name = LaunchScreen.storyboard;
			sourceTree = "<group>";
		};
/* End PBXVariantGroup section */

/* Begin XCBuildConfiguration section */
		AE62F72F2024EA8C00A57DAE /* Debug */ = {
			isa = XCBuildConfiguration;
			baseConfigurationReference = 79410DD63A50DB82EB7C288E /* Pods-RealmDatabaseWizard.debug.xcconfig */;
			buildSettings = {
				ASSETCATALOG_COMPILER_APPICON_NAME = AppIcon;
				CLANG_CXX_LANGUAGE_STANDARD = "gnu++14";
				CLANG_WARN_UNGUARDED_AVAILABILITY = YES_AGGRESSIVE;
				CODE_SIGN_ENTITLEMENTS = RealmDatabaseWizard/RealmDatabaseWizard.entitlements;
				CODE_SIGN_IDENTITY = "Mac Developer";
				CODE_SIGN_STYLE = Automatic;
				COMBINE_HIDPI_IMAGES = YES;
				DEVELOPMENT_TEAM = 8PM48474J4;
				GCC_C_LANGUAGE_STANDARD = gnu11;
				INFOPLIST_FILE = RealmDatabaseWizard/Info.plist;
				LD_RUNPATH_SEARCH_PATHS = (
					"$(inherited)",
					"@executable_path/../Frameworks",
				);
				MACOSX_DEPLOYMENT_TARGET = 10.13;
				PRODUCT_BUNDLE_IDENTIFIER = pl.sochalewski.RealmDatabaseWizard;
				PRODUCT_NAME = "$(TARGET_NAME)";
				SDKROOT = macosx;
				SWIFT_VERSION = 4.2;
			};
			name = Debug;
		};
		AE62F7302024EA8C00A57DAE /* Release */ = {
			isa = XCBuildConfiguration;
			baseConfigurationReference = C128FBE5C985FBEA8853F0A7 /* Pods-RealmDatabaseWizard.release.xcconfig */;
			buildSettings = {
				ASSETCATALOG_COMPILER_APPICON_NAME = AppIcon;
				CLANG_CXX_LANGUAGE_STANDARD = "gnu++14";
				CLANG_WARN_UNGUARDED_AVAILABILITY = YES_AGGRESSIVE;
				CODE_SIGN_ENTITLEMENTS = RealmDatabaseWizard/RealmDatabaseWizard.entitlements;
				CODE_SIGN_IDENTITY = "Mac Developer";
				CODE_SIGN_STYLE = Automatic;
				COMBINE_HIDPI_IMAGES = YES;
				DEVELOPMENT_TEAM = 8PM48474J4;
				GCC_C_LANGUAGE_STANDARD = gnu11;
				INFOPLIST_FILE = RealmDatabaseWizard/Info.plist;
				LD_RUNPATH_SEARCH_PATHS = (
					"$(inherited)",
					"@executable_path/../Frameworks",
				);
				MACOSX_DEPLOYMENT_TARGET = 10.13;
				PRODUCT_BUNDLE_IDENTIFIER = pl.sochalewski.RealmDatabaseWizard;
				PRODUCT_NAME = "$(TARGET_NAME)";
				SDKROOT = macosx;
				SWIFT_VERSION = 4.2;
			};
			name = Release;
		};
		AE78C27F1FFD267600874685 /* Debug */ = {
			isa = XCBuildConfiguration;
			baseConfigurationReference = 5B5DF4A95CF3A1905FB95B48 /* Pods-ScrabbdictTests.debug.xcconfig */;
			buildSettings = {
				BUNDLE_LOADER = "$(TEST_HOST)";
				CLANG_CXX_LANGUAGE_STANDARD = "gnu++14";
				CLANG_WARN_BLOCK_CAPTURE_AUTORELEASING = YES;
				CLANG_WARN_COMMA = YES;
				CLANG_WARN_NON_LITERAL_NULL_CONVERSION = YES;
				CLANG_WARN_OBJC_LITERAL_CONVERSION = YES;
				CLANG_WARN_RANGE_LOOP_ANALYSIS = YES;
				CLANG_WARN_STRICT_PROTOTYPES = YES;
				CLANG_WARN_UNGUARDED_AVAILABILITY = YES_AGGRESSIVE;
				CODE_SIGN_IDENTITY = "iPhone Developer";
				CODE_SIGN_STYLE = Automatic;
				DEVELOPMENT_TEAM = 8PM48474J4;
				GCC_C_LANGUAGE_STANDARD = gnu11;
				INFOPLIST_FILE = ScrabbdictTests/Info.plist;
				IPHONEOS_DEPLOYMENT_TARGET = 10.0;
				LD_RUNPATH_SEARCH_PATHS = (
					"$(inherited)",
					"@executable_path/Frameworks",
					"@loader_path/Frameworks",
				);
				PRODUCT_BUNDLE_IDENTIFIER = pl.sochalewski.ScrabbdictTests;
				PRODUCT_NAME = "$(TARGET_NAME)";
				SWIFT_VERSION = 5.0;
				TARGETED_DEVICE_FAMILY = "1,2";
				TEST_HOST = "$(BUILT_PRODUCTS_DIR)/Scrabbdict.app/Scrabbdict";
			};
			name = Debug;
		};
		AE78C2801FFD267600874685 /* Release */ = {
			isa = XCBuildConfiguration;
			baseConfigurationReference = A59DF36C8ED3B789DBD6455C /* Pods-ScrabbdictTests.release.xcconfig */;
			buildSettings = {
				BUNDLE_LOADER = "$(TEST_HOST)";
				CLANG_CXX_LANGUAGE_STANDARD = "gnu++14";
				CLANG_WARN_BLOCK_CAPTURE_AUTORELEASING = YES;
				CLANG_WARN_COMMA = YES;
				CLANG_WARN_NON_LITERAL_NULL_CONVERSION = YES;
				CLANG_WARN_OBJC_LITERAL_CONVERSION = YES;
				CLANG_WARN_RANGE_LOOP_ANALYSIS = YES;
				CLANG_WARN_STRICT_PROTOTYPES = YES;
				CLANG_WARN_UNGUARDED_AVAILABILITY = YES_AGGRESSIVE;
				CODE_SIGN_IDENTITY = "iPhone Developer";
				CODE_SIGN_STYLE = Automatic;
				DEVELOPMENT_TEAM = 8PM48474J4;
				GCC_C_LANGUAGE_STANDARD = gnu11;
				INFOPLIST_FILE = ScrabbdictTests/Info.plist;
				IPHONEOS_DEPLOYMENT_TARGET = 10.0;
				LD_RUNPATH_SEARCH_PATHS = (
					"$(inherited)",
					"@executable_path/Frameworks",
					"@loader_path/Frameworks",
				);
				PRODUCT_BUNDLE_IDENTIFIER = pl.sochalewski.ScrabbdictTests;
				PRODUCT_NAME = "$(TARGET_NAME)";
				SWIFT_VERSION = 5.0;
				TARGETED_DEVICE_FAMILY = "1,2";
				TEST_HOST = "$(BUILT_PRODUCTS_DIR)/Scrabbdict.app/Scrabbdict";
			};
			name = Release;
		};
		AEF8AC921EBA02AA005996D5 /* Debug */ = {
			isa = XCBuildConfiguration;
			buildSettings = {
				ALWAYS_SEARCH_USER_PATHS = NO;
				CLANG_ANALYZER_LOCALIZABILITY_NONLOCALIZED = YES;
				CLANG_ANALYZER_NONNULL = YES;
				CLANG_ANALYZER_NUMBER_OBJECT_CONVERSION = YES_AGGRESSIVE;
				CLANG_CXX_LANGUAGE_STANDARD = "gnu++0x";
				CLANG_CXX_LIBRARY = "libc++";
				CLANG_ENABLE_MODULES = YES;
				CLANG_ENABLE_OBJC_ARC = YES;
				CLANG_WARN_BLOCK_CAPTURE_AUTORELEASING = YES;
				CLANG_WARN_BOOL_CONVERSION = YES;
				CLANG_WARN_COMMA = YES;
				CLANG_WARN_CONSTANT_CONVERSION = YES;
				CLANG_WARN_DEPRECATED_OBJC_IMPLEMENTATIONS = YES;
				CLANG_WARN_DIRECT_OBJC_ISA_USAGE = YES_ERROR;
				CLANG_WARN_DOCUMENTATION_COMMENTS = YES;
				CLANG_WARN_EMPTY_BODY = YES;
				CLANG_WARN_ENUM_CONVERSION = YES;
				CLANG_WARN_INFINITE_RECURSION = YES;
				CLANG_WARN_INT_CONVERSION = YES;
				CLANG_WARN_NON_LITERAL_NULL_CONVERSION = YES;
				CLANG_WARN_OBJC_IMPLICIT_RETAIN_SELF = YES;
				CLANG_WARN_OBJC_LITERAL_CONVERSION = YES;
				CLANG_WARN_OBJC_ROOT_CLASS = YES_ERROR;
				CLANG_WARN_RANGE_LOOP_ANALYSIS = YES;
				CLANG_WARN_STRICT_PROTOTYPES = YES;
				CLANG_WARN_SUSPICIOUS_MOVE = YES;
				CLANG_WARN_UNREACHABLE_CODE = YES;
				CLANG_WARN__DUPLICATE_METHOD_MATCH = YES;
				"CODE_SIGN_IDENTITY[sdk=iphoneos*]" = "iPhone Developer";
				COPY_PHASE_STRIP = NO;
				DEBUG_INFORMATION_FORMAT = dwarf;
				ENABLE_STRICT_OBJC_MSGSEND = YES;
				ENABLE_TESTABILITY = YES;
				GCC_C_LANGUAGE_STANDARD = gnu99;
				GCC_DYNAMIC_NO_PIC = NO;
				GCC_NO_COMMON_BLOCKS = YES;
				GCC_OPTIMIZATION_LEVEL = 0;
				GCC_PREPROCESSOR_DEFINITIONS = (
					"DEBUG=1",
					"$(inherited)",
				);
				GCC_WARN_64_TO_32_BIT_CONVERSION = YES;
				GCC_WARN_ABOUT_RETURN_TYPE = YES_ERROR;
				GCC_WARN_UNDECLARED_SELECTOR = YES;
				GCC_WARN_UNINITIALIZED_AUTOS = YES_AGGRESSIVE;
				GCC_WARN_UNUSED_FUNCTION = YES;
				GCC_WARN_UNUSED_VARIABLE = YES;
				IPHONEOS_DEPLOYMENT_TARGET = 10.0;
				MTL_ENABLE_DEBUG_INFO = YES;
				ONLY_ACTIVE_ARCH = YES;
				SDKROOT = iphoneos;
				SWIFT_ACTIVE_COMPILATION_CONDITIONS = DEBUG;
				SWIFT_OPTIMIZATION_LEVEL = "-Onone";
				TARGETED_DEVICE_FAMILY = "1,2";
			};
			name = Debug;
		};
		AEF8AC931EBA02AA005996D5 /* Release */ = {
			isa = XCBuildConfiguration;
			buildSettings = {
				ALWAYS_SEARCH_USER_PATHS = NO;
				CLANG_ANALYZER_LOCALIZABILITY_NONLOCALIZED = YES;
				CLANG_ANALYZER_NONNULL = YES;
				CLANG_ANALYZER_NUMBER_OBJECT_CONVERSION = YES_AGGRESSIVE;
				CLANG_CXX_LANGUAGE_STANDARD = "gnu++0x";
				CLANG_CXX_LIBRARY = "libc++";
				CLANG_ENABLE_MODULES = YES;
				CLANG_ENABLE_OBJC_ARC = YES;
				CLANG_WARN_BLOCK_CAPTURE_AUTORELEASING = YES;
				CLANG_WARN_BOOL_CONVERSION = YES;
				CLANG_WARN_COMMA = YES;
				CLANG_WARN_CONSTANT_CONVERSION = YES;
				CLANG_WARN_DEPRECATED_OBJC_IMPLEMENTATIONS = YES;
				CLANG_WARN_DIRECT_OBJC_ISA_USAGE = YES_ERROR;
				CLANG_WARN_DOCUMENTATION_COMMENTS = YES;
				CLANG_WARN_EMPTY_BODY = YES;
				CLANG_WARN_ENUM_CONVERSION = YES;
				CLANG_WARN_INFINITE_RECURSION = YES;
				CLANG_WARN_INT_CONVERSION = YES;
				CLANG_WARN_NON_LITERAL_NULL_CONVERSION = YES;
				CLANG_WARN_OBJC_IMPLICIT_RETAIN_SELF = YES;
				CLANG_WARN_OBJC_LITERAL_CONVERSION = YES;
				CLANG_WARN_OBJC_ROOT_CLASS = YES_ERROR;
				CLANG_WARN_RANGE_LOOP_ANALYSIS = YES;
				CLANG_WARN_STRICT_PROTOTYPES = YES;
				CLANG_WARN_SUSPICIOUS_MOVE = YES;
				CLANG_WARN_UNREACHABLE_CODE = YES;
				CLANG_WARN__DUPLICATE_METHOD_MATCH = YES;
				"CODE_SIGN_IDENTITY[sdk=iphoneos*]" = "iPhone Developer";
				COPY_PHASE_STRIP = NO;
				DEBUG_INFORMATION_FORMAT = "dwarf-with-dsym";
				ENABLE_NS_ASSERTIONS = NO;
				ENABLE_STRICT_OBJC_MSGSEND = YES;
				GCC_C_LANGUAGE_STANDARD = gnu99;
				GCC_NO_COMMON_BLOCKS = YES;
				GCC_WARN_64_TO_32_BIT_CONVERSION = YES;
				GCC_WARN_ABOUT_RETURN_TYPE = YES_ERROR;
				GCC_WARN_UNDECLARED_SELECTOR = YES;
				GCC_WARN_UNINITIALIZED_AUTOS = YES_AGGRESSIVE;
				GCC_WARN_UNUSED_FUNCTION = YES;
				GCC_WARN_UNUSED_VARIABLE = YES;
				IPHONEOS_DEPLOYMENT_TARGET = 10.0;
				MTL_ENABLE_DEBUG_INFO = NO;
				SDKROOT = iphoneos;
				SWIFT_COMPILATION_MODE = wholemodule;
				SWIFT_OPTIMIZATION_LEVEL = "-O";
				TARGETED_DEVICE_FAMILY = "1,2";
				VALIDATE_PRODUCT = YES;
			};
			name = Release;
		};
		AEF8AC951EBA02AA005996D5 /* Debug */ = {
			isa = XCBuildConfiguration;
			baseConfigurationReference = 18777994602FD9F69FF788A8 /* Pods-Scrabbdict.debug.xcconfig */;
			buildSettings = {
				ALWAYS_EMBED_SWIFT_STANDARD_LIBRARIES = YES;
				ASSETCATALOG_COMPILER_APPICON_NAME = AppIcon;
				CURRENT_PROJECT_VERSION = 27;
				DEBUG_INFORMATION_FORMAT = "dwarf-with-dsym";
				DEVELOPMENT_TEAM = 8PM48474J4;
				INFOPLIST_FILE = Scrabbdict/Info.plist;
				LD_RUNPATH_SEARCH_PATHS = (
					"$(inherited)",
					"@executable_path/Frameworks",
				);
				MARKETING_VERSION = 3.3.3;
				PRODUCT_BUNDLE_IDENTIFIER = pl.sochalewski.Scrabbdict;
				PRODUCT_NAME = "$(TARGET_NAME)";
				SWIFT_VERSION = 5.0;
			};
			name = Debug;
		};
		AEF8AC961EBA02AA005996D5 /* Release */ = {
			isa = XCBuildConfiguration;
			baseConfigurationReference = DDCB1610B426694FFFC8A7C4 /* Pods-Scrabbdict.release.xcconfig */;
			buildSettings = {
				ALWAYS_EMBED_SWIFT_STANDARD_LIBRARIES = YES;
				ASSETCATALOG_COMPILER_APPICON_NAME = AppIcon;
				CURRENT_PROJECT_VERSION = 27;
				DEVELOPMENT_TEAM = 8PM48474J4;
				INFOPLIST_FILE = Scrabbdict/Info.plist;
				LD_RUNPATH_SEARCH_PATHS = (
					"$(inherited)",
					"@executable_path/Frameworks",
				);
				MARKETING_VERSION = 3.3.3;
				PRODUCT_BUNDLE_IDENTIFIER = pl.sochalewski.Scrabbdict;
				PRODUCT_NAME = "$(TARGET_NAME)";
				SWIFT_VERSION = 5.0;
			};
			name = Release;
		};
/* End XCBuildConfiguration section */

/* Begin XCConfigurationList section */
		AE62F72E2024EA8C00A57DAE /* Build configuration list for PBXNativeTarget "RealmDatabaseWizard" */ = {
			isa = XCConfigurationList;
			buildConfigurations = (
				AE62F72F2024EA8C00A57DAE /* Debug */,
				AE62F7302024EA8C00A57DAE /* Release */,
			);
			defaultConfigurationIsVisible = 0;
			defaultConfigurationName = Release;
		};
		AE78C2811FFD267600874685 /* Build configuration list for PBXNativeTarget "ScrabbdictTests" */ = {
			isa = XCConfigurationList;
			buildConfigurations = (
				AE78C27F1FFD267600874685 /* Debug */,
				AE78C2801FFD267600874685 /* Release */,
			);
			defaultConfigurationIsVisible = 0;
			defaultConfigurationName = Release;
		};
		AEF8AC7D1EBA02AA005996D5 /* Build configuration list for PBXProject "Scrabbdict" */ = {
			isa = XCConfigurationList;
			buildConfigurations = (
				AEF8AC921EBA02AA005996D5 /* Debug */,
				AEF8AC931EBA02AA005996D5 /* Release */,
			);
			defaultConfigurationIsVisible = 0;
			defaultConfigurationName = Release;
		};
		AEF8AC941EBA02AA005996D5 /* Build configuration list for PBXNativeTarget "Scrabbdict" */ = {
			isa = XCConfigurationList;
			buildConfigurations = (
				AEF8AC951EBA02AA005996D5 /* Debug */,
				AEF8AC961EBA02AA005996D5 /* Release */,
			);
			defaultConfigurationIsVisible = 0;
			defaultConfigurationName = Release;
		};
/* End XCConfigurationList section */
	};
	rootObject = AEF8AC7A1EBA02AA005996D5 /* Project object */;
}
