PODS:
  - Crashlytics (3.10.0):
    - Fabric (~> 1.7.3)
  - Fabric (1.7.3)
  - Realm (3.1.1):
    - Realm/Headers (= 3.1.1)
  - Realm/Headers (3.1.1)
  - RealmSwift (3.1.1):
    - Realm (= 3.1.1)
  - SwiftSpinner (1.5.0)
  - TinySwift (2.0.20)

DEPENDENCIES:
  - Crashlytics
  - Fabric
  - RealmSwift
  - SwiftSpinner
  - TinySwift

SPEC CHECKSUMS:
  Crashlytics: a989ef242b66605577a425733797f810bd2725eb
  Fabric: bb495bb9a7a7677c6d03a1f8b83d95bc49b47e41
  Realm: 42d1c38a5b1bbcc828b48a7ce702cb86fc68adf4
  RealmSwift: d31937ca6a6ee54acde64ec839523c0a3c04924b
  SwiftSpinner: 4c058c7a1d6b444dd2e1d70988ead40783097133
  TinySwift: 57222785899d5817539195abcedf63f4c0645fa2

PODFILE CHECKSUM: 9ad7353de7b0dfa6b4d4d22f60d78ce162244f0a

COCOAPODS: 1.4.0
