PODS:
  - Crashlytics (3.10.2):
    - Fabric (~> 1.7.7)
  - Fabric (1.7.7)
  - Realm (3.7.2):
    - Realm/Headers (= 3.7.2)
  - Realm/Headers (3.7.2)
  - RealmSwift (3.7.2):
    - Realm (= 3.7.2)
  - SwiftSpinner (1.5.0)
  - TinySwift (2.1.0)

DEPENDENCIES:
  - Crashlytics
  - Fabric
  - RealmSwift
  - SwiftSpinner
  - TinySwift

SPEC REPOS:
  https://github.com/cocoapods/specs.git:
    - Crashlytics
    - Fabric
    - Realm
    - RealmSwift
    - SwiftSpinner
    - TinySwift

SPEC CHECKSUMS:
  Crashlytics: 0360624eea1c978a743feddb2fb1ef8b37fb7a0d
  Fabric: bda89e242bce1b7b8ab264248cf3407774ce0095
  Realm: dd18c3014e8d90df300b83c6da740067436089c5
  RealmSwift: 79917cae59a0c43ef8118b233a5978891dd50b4a
  SwiftSpinner: 4c058c7a1d6b444dd2e1d70988ead40783097133
  TinySwift: 262d76c601e4303a5b5c14a09b09b4708bfcdbd5

PODFILE CHECKSUM: 9ad7353de7b0dfa6b4d4d22f60d78ce162244f0a

COCOAPODS: 1.5.3
