// !$*UTF8*$!
{
	archiveVersion = 1;
	classes = {
	};
	objectVersion = 46;
	objects = {

/* Begin PBXBuildFile section */
		AE3A5F8D1EBA3B6E0069C6FF /* AppDelegate.swift in Sources */ = {isa = PBXBuildFile; fileRef = AE3A5F8C1EBA3B6E0069C6FF /* AppDelegate.swift */; };
		AE3A5F8F1EBA3B6E0069C6FF /* ViewController.swift in Sources */ = {isa = PBXBuildFile; fileRef = AE3A5F8E1EBA3B6E0069C6FF /* ViewController.swift */; };
		AE3A5F911EBA3B6E0069C6FF /* Assets.xcassets in Resources */ = {isa = PBXBuildFile; fileRef = AE3A5F901EBA3B6E0069C6FF /* Assets.xcassets */; };
		AE3A5F941EBA3B6E0069C6FF /* Main.storyboard in Resources */ = {isa = PBXBuildFile; fileRef = AE3A5F921EBA3B6E0069C6FF /* Main.storyboard */; };
/* End PBXBuildFile section */

/* Begin PBXFileReference section */
		AE3A5F891EBA3B6E0069C6FF /* DictionarySplitter.app */ = {isa = PBXFileReference; explicitFileType = wrapper.application; includeInIndex = 0; path = DictionarySplitter.app; sourceTree = BUILT_PRODUCTS_DIR; };
		AE3A5F8C1EBA3B6E0069C6FF /* AppDelegate.swift */ = {isa = PBXFileReference; lastKnownFileType = sourcecode.swift; path = AppDelegate.swift; sourceTree = "<group>"; };
		AE3A5F8E1EBA3B6E0069C6FF /* ViewController.swift */ = {isa = PBXFileReference; lastKnownFileType = sourcecode.swift; path = ViewController.swift; sourceTree = "<group>"; };
		AE3A5F901EBA3B6E0069C6FF /* Assets.xcassets */ = {isa = PBXFileReference; lastKnownFileType = folder.assetcatalog; path = Assets.xcassets; sourceTree = "<group>"; };
		AE3A5F931EBA3B6E0069C6FF /* Base */ = {isa = PBXFileReference; lastKnownFileType = file.storyboard; name = Base; path = Base.lproj/Main.storyboard; sourceTree = "<group>"; };
		AE3A5F951EBA3B6E0069C6FF /* Info.plist */ = {isa = PBXFileReference; lastKnownFileType = text.plist.xml; path = Info.plist; sourceTree = "<group>"; };
/* End PBXFileReference section */

/* Begin PBXFrameworksBuildPhase section */
		AE3A5F861EBA3B6E0069C6FF /* Frameworks */ = {
			isa = PBXFrameworksBuildPhase;
			buildActionMask = 2147483647;
			files = (
			);
			runOnlyForDeploymentPostprocessing = 0;
		};
/* End PBXFrameworksBuildPhase section */

/* Begin PBXGroup section */
		AE3A5F801EBA3B6E0069C6FF = {
			isa = PBXGroup;
			children = (
				AE3A5F8B1EBA3B6E0069C6FF /* DictionarySplitter */,
				AE3A5F8A1EBA3B6E0069C6FF /* Products */,
			);
			sourceTree = "<group>";
		};
		AE3A5F8A1EBA3B6E0069C6FF /* Products */ = {
			isa = PBXGroup;
			children = (
				AE3A5F891EBA3B6E0069C6FF /* DictionarySplitter.app */,
			);
			name = Products;
			sourceTree = "<group>";
		};
		AE3A5F8B1EBA3B6E0069C6FF /* DictionarySplitter */ = {
			isa = PBXGroup;
			children = (
				AE3A5F8C1EBA3B6E0069C6FF /* AppDelegate.swift */,
				AE3A5F8E1EBA3B6E0069C6FF /* ViewController.swift */,
				AE3A5F901EBA3B6E0069C6FF /* Assets.xcassets */,
				AE3A5F921EBA3B6E0069C6FF /* Main.storyboard */,
				AE3A5F951EBA3B6E0069C6FF /* Info.plist */,
			);
			path = DictionarySplitter;
			sourceTree = "<group>";
		};
/* End PBXGroup section */

/* Begin PBXNativeTarget section */
		AE3A5F881EBA3B6E0069C6FF /* DictionarySplitter */ = {
			isa = PBXNativeTarget;
			buildConfigurationList = AE3A5F981EBA3B6E0069C6FF /* Build configuration list for PBXNativeTarget "DictionarySplitter" */;
			buildPhases = (
				AE3A5F851EBA3B6E0069C6FF /* Sources */,
				AE3A5F861EBA3B6E0069C6FF /* Frameworks */,
				AE3A5F871EBA3B6E0069C6FF /* Resources */,
			);
			buildRules = (
			);
			dependencies = (
			);
			name = DictionarySplitter;
			productName = DictionarySplitter;
			productReference = AE3A5F891EBA3B6E0069C6FF /* DictionarySplitter.app */;
			productType = "com.apple.product-type.application";
		};
/* End PBXNativeTarget section */

/* Begin PBXProject section */
		AE3A5F811EBA3B6E0069C6FF /* Project object */ = {
			isa = PBXProject;
			attributes = {
				LastSwiftUpdateCheck = 0830;
				LastUpgradeCheck = 0830;
				ORGANIZATIONNAME = "Piotr Sochalewski";
				TargetAttributes = {
					AE3A5F881EBA3B6E0069C6FF = {
						CreatedOnToolsVersion = 8.3.2;
						DevelopmentTeam = 8PM48474J4;
						ProvisioningStyle = Automatic;
					};
				};
			};
			buildConfigurationList = AE3A5F841EBA3B6E0069C6FF /* Build configuration list for PBXProject "DictionarySplitter" */;
			compatibilityVersion = "Xcode 3.2";
			developmentRegion = English;
			hasScannedForEncodings = 0;
			knownRegions = (
				en,
				Base,
			);
			mainGroup = AE3A5F801EBA3B6E0069C6FF;
			productRefGroup = AE3A5F8A1EBA3B6E0069C6FF /* Products */;
			projectDirPath = "";
			projectRoot = "";
			targets = (
				AE3A5F881EBA3B6E0069C6FF /* DictionarySplitter */,
			);
		};
/* End PBXProject section */

/* Begin PBXResourcesBuildPhase section */
		AE3A5F871EBA3B6E0069C6FF /* Resources */ = {
			isa = PBXResourcesBuildPhase;
			buildActionMask = 2147483647;
			files = (
				AE3A5F911EBA3B6E0069C6FF /* Assets.xcassets in Resources */,
				AE3A5F941EBA3B6E0069C6FF /* Main.storyboard in Resources */,
			);
			runOnlyForDeploymentPostprocessing = 0;
		};
/* End PBXResourcesBuildPhase section */

/* Begin PBXSourcesBuildPhase section */
		AE3A5F851EBA3B6E0069C6FF /* Sources */ = {
			isa = PBXSourcesBuildPhase;
			buildActionMask = 2147483647;
			files = (
				AE3A5F8F1EBA3B6E0069C6FF /* ViewController.swift in Sources */,
				AE3A5F8D1EBA3B6E0069C6FF /* AppDelegate.swift in Sources */,
			);
			runOnlyForDeploymentPostprocessing = 0;
		};
/* End PBXSourcesBuildPhase section */

/* Begin PBXVariantGroup section */
		AE3A5F921EBA3B6E0069C6FF /* Main.storyboard */ = {
			isa = PBXVariantGroup;
			children = (
				AE3A5F931EBA3B6E0069C6FF /* Base */,
			);
			name = Main.storyboard;
			sourceTree = "<group>";
		};
/* End PBXVariantGroup section */

/* Begin XCBuildConfiguration section */
		AE3A5F961EBA3B6E0069C6FF /* Debug */ = {
			isa = XCBuildConfiguration;
			buildSettings = {
				ALWAYS_SEARCH_USER_PATHS = NO;
				CLANG_ANALYZER_NONNULL = YES;
				CLANG_ANALYZER_NUMBER_OBJECT_CONVERSION = YES_AGGRESSIVE;
				CLANG_CXX_LANGUAGE_STANDARD = "gnu++0x";
				CLANG_CXX_LIBRARY = "libc++";
				CLANG_ENABLE_MODULES = YES;
				CLANG_ENABLE_OBJC_ARC = YES;
				CLANG_WARN_BOOL_CONVERSION = YES;
				CLANG_WARN_CONSTANT_CONVERSION = YES;
				CLANG_WARN_DIRECT_OBJC_ISA_USAGE = YES_ERROR;
				CLANG_WARN_DOCUMENTATION_COMMENTS = YES;
				CLANG_WARN_EMPTY_BODY = YES;
				CLANG_WARN_ENUM_CONVERSION = YES;
				CLANG_WARN_INFINITE_RECURSION = YES;
				CLANG_WARN_INT_CONVERSION = YES;
				CLANG_WARN_OBJC_ROOT_CLASS = YES_ERROR;
				CLANG_WARN_SUSPICIOUS_MOVE = YES;
				CLANG_WARN_UNREACHABLE_CODE = YES;
				CLANG_WARN__DUPLICATE_METHOD_MATCH = YES;
				CODE_SIGN_IDENTITY = "-";
				COPY_PHASE_STRIP = NO;
				DEBUG_INFORMATION_FORMAT = dwarf;
				ENABLE_STRICT_OBJC_MSGSEND = YES;
				ENABLE_TESTABILITY = YES;
				GCC_C_LANGUAGE_STANDARD = gnu99;
				GCC_DYNAMIC_NO_PIC = NO;
				GCC_NO_COMMON_BLOCKS = YES;
				GCC_OPTIMIZATION_LEVEL = 0;
				GCC_PREPROCESSOR_DEFINITIONS = (
					"DEBUG=1",
					"$(inherited)",
				);
				GCC_WARN_64_TO_32_BIT_CONVERSION = YES;
				GCC_WARN_ABOUT_RETURN_TYPE = YES_ERROR;
				GCC_WARN_UNDECLARED_SELECTOR = YES;
				GCC_WARN_UNINITIALIZED_AUTOS = YES_AGGRESSIVE;
				GCC_WARN_UNUSED_FUNCTION = YES;
				GCC_WARN_UNUSED_VARIABLE = YES;
				MACOSX_DEPLOYMENT_TARGET = 10.12;
				MTL_ENABLE_DEBUG_INFO = YES;
				ONLY_ACTIVE_ARCH = YES;
				SDKROOT = macosx;
				SWIFT_ACTIVE_COMPILATION_CONDITIONS = DEBUG;
				SWIFT_OPTIMIZATION_LEVEL = "-Onone";
			};
			name = Debug;
		};
		AE3A5F971EBA3B6E0069C6FF /* Release */ = {
			isa = XCBuildConfiguration;
			buildSettings = {
				ALWAYS_SEARCH_USER_PATHS = NO;
				CLANG_ANALYZER_NONNULL = YES;
				CLANG_ANALYZER_NUMBER_OBJECT_CONVERSION = YES_AGGRESSIVE;
				CLANG_CXX_LANGUAGE_STANDARD = "gnu++0x";
				CLANG_CXX_LIBRARY = "libc++";
				CLANG_ENABLE_MODULES = YES;
				CLANG_ENABLE_OBJC_ARC = YES;
				CLANG_WARN_BOOL_CONVERSION = YES;
				CLANG_WARN_CONSTANT_CONVERSION = YES;
				CLANG_WARN_DIRECT_OBJC_ISA_USAGE = YES_ERROR;
				CLANG_WARN_DOCUMENTATION_COMMENTS = YES;
				CLANG_WARN_EMPTY_BODY = YES;
				CLANG_WARN_ENUM_CONVERSION = YES;
				CLANG_WARN_INFINITE_RECURSION = YES;
				CLANG_WARN_INT_CONVERSION = YES;
				CLANG_WARN_OBJC_ROOT_CLASS = YES_ERROR;
				CLANG_WARN_SUSPICIOUS_MOVE = YES;
				CLANG_WARN_UNREACHABLE_CODE = YES;
				CLANG_WARN__DUPLICATE_METHOD_MATCH = YES;
				CODE_SIGN_IDENTITY = "-";
				COPY_PHASE_STRIP = NO;
				DEBUG_INFORMATION_FORMAT = "dwarf-with-dsym";
				ENABLE_NS_ASSERTIONS = NO;
				ENABLE_STRICT_OBJC_MSGSEND = YES;
				GCC_C_LANGUAGE_STANDARD = gnu99;
				GCC_NO_COMMON_BLOCKS = YES;
				GCC_WARN_64_TO_32_BIT_CONVERSION = YES;
				GCC_WARN_ABOUT_RETURN_TYPE = YES_ERROR;
				GCC_WARN_UNDECLARED_SELECTOR = YES;
				GCC_WARN_UNINITIALIZED_AUTOS = YES_AGGRESSIVE;
				GCC_WARN_UNUSED_FUNCTION = YES;
				GCC_WARN_UNUSED_VARIABLE = YES;
				MACOSX_DEPLOYMENT_TARGET = 10.12;
				MTL_ENABLE_DEBUG_INFO = NO;
				SDKROOT = macosx;
				SWIFT_OPTIMIZATION_LEVEL = "-Owholemodule";
			};
			name = Release;
		};
		AE3A5F991EBA3B6E0069C6FF /* Debug */ = {
			isa = XCBuildConfiguration;
			buildSettings = {
				ASSETCATALOG_COMPILER_APPICON_NAME = AppIcon;
				COMBINE_HIDPI_IMAGES = YES;
				DEVELOPMENT_TEAM = 8PM48474J4;
				INFOPLIST_FILE = DictionarySplitter/Info.plist;
				LD_RUNPATH_SEARCH_PATHS = "$(inherited) @executable_path/../Frameworks";
				PRODUCT_BUNDLE_IDENTIFIER = pl.sochalewski.DictionarySplitter;
				PRODUCT_NAME = "$(TARGET_NAME)";
				SWIFT_OPTIMIZATION_LEVEL = "-Owholemodule";
				SWIFT_VERSION = 3.0;
			};
			name = Debug;
		};
		AE3A5F9A1EBA3B6E0069C6FF /* Release */ = {
			isa = XCBuildConfiguration;
			buildSettings = {
				ASSETCATALOG_COMPILER_APPICON_NAME = AppIcon;
				COMBINE_HIDPI_IMAGES = YES;
				DEVELOPMENT_TEAM = 8PM48474J4;
				INFOPLIST_FILE = DictionarySplitter/Info.plist;
				LD_RUNPATH_SEARCH_PATHS = "$(inherited) @executable_path/../Frameworks";
				PRODUCT_BUNDLE_IDENTIFIER = pl.sochalewski.DictionarySplitter;
				PRODUCT_NAME = "$(TARGET_NAME)";
				SWIFT_VERSION = 3.0;
			};
			name = Release;
		};
/* End XCBuildConfiguration section */

/* Begin XCConfigurationList section */
		AE3A5F841EBA3B6E0069C6FF /* Build configuration list for PBXProject "DictionarySplitter" */ = {
			isa = XCConfigurationList;
			buildConfigurations = (
				AE3A5F961EBA3B6E0069C6FF /* Debug */,
				AE3A5F971EBA3B6E0069C6FF /* Release */,
			);
			defaultConfigurationIsVisible = 0;
			defaultConfigurationName = Release;
		};
		AE3A5F981EBA3B6E0069C6FF /* Build configuration list for PBXNativeTarget "DictionarySplitter" */ = {
			isa = XCConfigurationList;
			buildConfigurations = (
				AE3A5F991EBA3B6E0069C6FF /* Debug */,
				AE3A5F9A1EBA3B6E0069C6FF /* Release */,
			);
			defaultConfigurationIsVisible = 0;
			defaultConfigurationName = Release;
		};
/* End XCConfigurationList section */
	};
	rootObject = AE3A5F811EBA3B6E0069C6FF /* Project object */;
}
